// !$*UTF8*$!
{
	archiveVersion = 1;
	classes = {
	};
	objectVersion = 56;
	objects = {

/* Begin PBXBuildFile section */
		C3531218298A463B001D3CEF /* AppDelegate.swift in Sources */ = {isa = PBXBuildFile; fileRef = C3531217298A463B001D3CEF /* AppDelegate.swift */; };
		C353121A298A463B001D3CEF /* SceneDelegate.swift in Sources */ = {isa = PBXBuildFile; fileRef = C3531219298A463B001D3CEF /* SceneDelegate.swift */; };
		C353121C298A463B001D3CEF /* ViewController.swift in Sources */ = {isa = PBXBuildFile; fileRef = C353121B298A463B001D3CEF /* ViewController.swift */; };
		C353121F298A463B001D3CEF /* Main.storyboard in Resources */ = {isa = PBXBuildFile; fileRef = C353121D298A463B001D3CEF /* Main.storyboard */; };
		C3531221298A463C001D3CEF /* Assets.xcassets in Resources */ = {isa = PBXBuildFile; fileRef = C3531220298A463C001D3CEF /* Assets.xcassets */; };
		C3531224298A463C001D3CEF /* LaunchScreen.storyboard in Resources */ = {isa = PBXBuildFile; fileRef = C3531222298A463C001D3CEF /* LaunchScreen.storyboard */; };
		C353122D298A4764001D3CEF /* CustomTableViewController.swift in Sources */ = {isa = PBXBuildFile; fileRef = C353122C298A4764001D3CEF /* CustomTableViewController.swift */; };
		C366C804298A4AAB00BF77AA /* CustomTableViewCell.swift in Sources */ = {isa = PBXBuildFile; fileRef = C366C802298A4AAB00BF77AA /* CustomTableViewCell.swift */; };
		C366C805298A4AAB00BF77AA /* CustomTableViewCell.xib in Resources */ = {isa = PBXBuildFile; fileRef = C366C803298A4AAB00BF77AA /* CustomTableViewCell.xib */; };
/* End PBXBuildFile section */

/* Begin PBXFileReference section */
		C3531214298A463B001D3CEF /* Programmatically.app */ = {isa = PBXFileReference; explicitFileType = wrapper.application; includeInIndex = 0; path = Programmatically.app; sourceTree = BUILT_PRODUCTS_DIR; };
		C3531217298A463B001D3CEF /* AppDelegate.swift */ = {isa = PBXFileReference; lastKnownFileType = sourcecode.swift; path = AppDelegate.swift; sourceTree = "<group>"; };
		C3531219298A463B001D3CEF /* SceneDelegate.swift */ = {isa = PBXFileReference; lastKnownFileType = sourcecode.swift; path = SceneDelegate.swift; sourceTree = "<group>"; };
		C353121B298A463B001D3CEF /* ViewController.swift */ = {isa = PBXFileReference; lastKnownFileType = sourcecode.swift; path = ViewController.swift; sourceTree = "<group>"; };
		C353121E298A463B001D3CEF /* Base */ = {isa = PBXFileReference; lastKnownFileType = file.storyboard; name = Base; path = Base.lproj/Main.storyboard; sourceTree = "<group>"; };
		C3531220298A463C001D3CEF /* Assets.xcassets */ = {isa = PBXFileReference; lastKnownFileType = folder.assetcatalog; path = Assets.xcassets; sourceTree = "<group>"; };
		C3531223298A463C001D3CEF /* Base */ = {isa = PBXFileReference; lastKnownFileType = file.storyboard; name = Base; path = Base.lproj/LaunchScreen.storyboard; sourceTree = "<group>"; };
		C3531225298A463C001D3CEF /* Info.plist */ = {isa = PBXFileReference; lastKnownFileType = text.plist.xml; path = Info.plist; sourceTree = "<group>"; };
		C353122C298A4764001D3CEF /* CustomTableViewController.swift */ = {isa = PBXFileReference; lastKnownFileType = sourcecode.swift; path = CustomTableViewController.swift; sourceTree = "<group>"; };
		C366C802298A4AAB00BF77AA /* CustomTableViewCell.swift */ = {isa = PBXFileReference; lastKnownFileType = sourcecode.swift; path = CustomTableViewCell.swift; sourceTree = "<group>"; };
		C366C803298A4AAB00BF77AA /* CustomTableViewCell.xib */ = {isa = PBXFileReference; lastKnownFileType = file.xib; path = CustomTableViewCell.xib; sourceTree = "<group>"; };
/* End PBXFileReference section */

/* Begin PBXFrameworksBuildPhase section */
		C3531211298A463B001D3CEF /* Frameworks */ = {
			isa = PBXFrameworksBuildPhase;
			buildActionMask = 2147483647;
			files = (
			);
			runOnlyForDeploymentPostprocessing = 0;
		};
/* End PBXFrameworksBuildPhase section */

/* Begin PBXGroup section */
		C353120B298A463B001D3CEF = {
			isa = PBXGroup;
			children = (
				C3531216298A463B001D3CEF /* Programmatically */,
				C3531215298A463B001D3CEF /* Products */,
			);
			sourceTree = "<group>";
		};
		C3531215298A463B001D3CEF /* Products */ = {
			isa = PBXGroup;
			children = (
				C3531214298A463B001D3CEF /* Programmatically.app */,
			);
			name = Products;
			sourceTree = "<group>";
		};
		C3531216298A463B001D3CEF /* Programmatically */ = {
			isa = PBXGroup;
			children = (
				C353122B298A46C1001D3CEF /* tableview */,
				C3531217298A463B001D3CEF /* AppDelegate.swift */,
				C3531219298A463B001D3CEF /* SceneDelegate.swift */,
				C353121B298A463B001D3CEF /* ViewController.swift */,
				C353121D298A463B001D3CEF /* Main.storyboard */,
				C3531220298A463C001D3CEF /* Assets.xcassets */,
				C3531222298A463C001D3CEF /* LaunchScreen.storyboard */,
				C3531225298A463C001D3CEF /* Info.plist */,
			);
			path = Programmatically;
			sourceTree = "<group>";
		};
		C353122B298A46C1001D3CEF /* tableview */ = {
			isa = PBXGroup;
			children = (
				C353122E298A4A34001D3CEF /* view */,
			);
			path = tableview;
			sourceTree = "<group>";
		};
		C353122E298A4A34001D3CEF /* view */ = {
			isa = PBXGroup;
			children = (
				C353122C298A4764001D3CEF /* CustomTableViewController.swift */,
				C3531233298A4A5F001D3CEF /* cell */,
			);
			path = view;
			sourceTree = "<group>";
		};
		C3531233298A4A5F001D3CEF /* cell */ = {
			isa = PBXGroup;
			children = (
				C366C802298A4AAB00BF77AA /* CustomTableViewCell.swift */,
				C366C803298A4AAB00BF77AA /* CustomTableViewCell.xib */,
			);
			path = cell;
			sourceTree = "<group>";
		};
/* End PBXGroup section */

/* Begin PBXNativeTarget section */
		C3531213298A463B001D3CEF /* Programmatically */ = {
			isa = PBXNativeTarget;
			buildConfigurationList = C3531228298A463C001D3CEF /* Build configuration list for PBXNativeTarget "Programmatically" */;
			buildPhases = (
				C3531210298A463B001D3CEF /* Sources */,
				C3531211298A463B001D3CEF /* Frameworks */,
				C3531212298A463B001D3CEF /* Resources */,
			);
			buildRules = (
			);
			dependencies = (
			);
			name = Programmatically;
			productName = Programmatically;
			productReference = C3531214298A463B001D3CEF /* Programmatically.app */;
			productType = "com.apple.product-type.application";
		};
/* End PBXNativeTarget section */

/* Begin PBXProject section */
		C353120C298A463B001D3CEF /* Project object */ = {
			isa = PBXProject;
			attributes = {
				BuildIndependentTargetsInParallel = 1;
				LastSwiftUpdateCheck = 1420;
				LastUpgradeCheck = 1420;
				TargetAttributes = {
					C3531213298A463B001D3CEF = {
						CreatedOnToolsVersion = 14.2;
					};
				};
			};
			buildConfigurationList = C353120F298A463B001D3CEF /* Build configuration list for PBXProject "Programmatically" */;
			compatibilityVersion = "Xcode 14.0";
			developmentRegion = en;
			hasScannedForEncodings = 0;
			knownRegions = (
				en,
				Base,
			);
			mainGroup = C353120B298A463B001D3CEF;
			productRefGroup = C3531215298A463B001D3CEF /* Products */;
			projectDirPath = "";
			projectRoot = "";
			targets = (
				C3531213298A463B001D3CEF /* Programmatically */,
			);
		};
/* End PBXProject section */

/* Begin PBXResourcesBuildPhase section */
		C3531212298A463B001D3CEF /* Resources */ = {
			isa = PBXResourcesBuildPhase;
			buildActionMask = 2147483647;
			files = (
				C3531224298A463C001D3CEF /* LaunchScreen.storyboard in Resources */,
				C3531221298A463C001D3CEF /* Assets.xcassets in Resources */,
				C366C805298A4AAB00BF77AA /* CustomTableViewCell.xib in Resources */,
				C353121F298A463B001D3CEF /* Main.storyboard in Resources */,
			);
			runOnlyForDeploymentPostprocessing = 0;
		};
/* End PBXResourcesBuildPhase section */

/* Begin PBXSourcesBuildPhase section */
		C3531210298A463B001D3CEF /* Sources */ = {
			isa = PBXSourcesBuildPhase;
			buildActionMask = 2147483647;
			files = (
				C353121C298A463B001D3CEF /* ViewController.swift in Sources */,
				C366C804298A4AAB00BF77AA /* CustomTableViewCell.swift in Sources */,
				C3531218298A463B001D3CEF /* AppDelegate.swift in Sources */,
				C353122D298A4764001D3CEF /* CustomTableViewController.swift in Sources */,
				C353121A298A463B001D3CEF /* SceneDelegate.swift in Sources */,
			);
			runOnlyForDeploymentPostprocessing = 0;
		};
/* End PBXSourcesBuildPhase section */

/* Begin PBXVariantGroup section */
		C353121D298A463B001D3CEF /* Main.storyboard */ = {
			isa = PBXVariantGroup;
			children = (
				C353121E298A463B001D3CEF /* Base */,
			);
			name = Main.storyboard;
			sourceTree = "<group>";
		};
		C3531222298A463C001D3CEF /* LaunchScreen.storyboard */ = {
			isa = PBXVariantGroup;
			children = (
				C3531223298A463C001D3CEF /* Base */,
			);
			name = LaunchScreen.storyboard;
			sourceTree = "<group>";
		};
/* End PBXVariantGroup section */

/* Begin XCBuildConfiguration section */
		C3531226298A463C001D3CEF /* Debug */ = {
			isa = XCBuildConfiguration;
			buildSettings = {
				ALWAYS_SEARCH_USER_PATHS = NO;
				CLANG_ANALYZER_NONNULL = YES;
				CLANG_ANALYZER_NUMBER_OBJECT_CONVERSION = YES_AGGRESSIVE;
				CLANG_CXX_LANGUAGE_STANDARD = "gnu++20";
				CLANG_ENABLE_MODULES = YES;
				CLANG_ENABLE_OBJC_ARC = YES;
				CLANG_ENABLE_OBJC_WEAK = YES;
				CLANG_WARN_BLOCK_CAPTURE_AUTORELEASING = YES;
				CLANG_WARN_BOOL_CONVERSION = YES;
				CLANG_WARN_COMMA = YES;
				CLANG_WARN_CONSTANT_CONVERSION = YES;
				CLANG_WARN_DEPRECATED_OBJC_IMPLEMENTATIONS = YES;
				CLANG_WARN_DIRECT_OBJC_ISA_USAGE = YES_ERROR;
				CLANG_WARN_DOCUMENTATION_COMMENTS = YES;
				CLANG_WARN_EMPTY_BODY = YES;
				CLANG_WARN_ENUM_CONVERSION = YES;
				CLANG_WARN_INFINITE_RECURSION = YES;
				CLANG_WARN_INT_CONVERSION = YES;
				CLANG_WARN_NON_LITERAL_NULL_CONVERSION = YES;
				CLANG_WARN_OBJC_IMPLICIT_RETAIN_SELF = YES;
				CLANG_WARN_OBJC_LITERAL_CONVERSION = YES;
				CLANG_WARN_OBJC_ROOT_CLASS = YES_ERROR;
				CLANG_WARN_QUOTED_INCLUDE_IN_FRAMEWORK_HEADER = YES;
				CLANG_WARN_RANGE_LOOP_ANALYSIS = YES;
				CLANG_WARN_STRICT_PROTOTYPES = YES;
				CLANG_WARN_SUSPICIOUS_MOVE = YES;
				CLANG_WARN_UNGUARDED_AVAILABILITY = YES_AGGRESSIVE;
				CLANG_WARN_UNREACHABLE_CODE = YES;
				CLANG_WARN__DUPLICATE_METHOD_MATCH = YES;
				COPY_PHASE_STRIP = NO;
				DEBUG_INFORMATION_FORMAT = dwarf;
				ENABLE_STRICT_OBJC_MSGSEND = YES;
				ENABLE_TESTABILITY = YES;
				GCC_C_LANGUAGE_STANDARD = gnu11;
				GCC_DYNAMIC_NO_PIC = NO;
				GCC_NO_COMMON_BLOCKS = YES;
				GCC_OPTIMIZATION_LEVEL = 0;
				GCC_PREPROCESSOR_DEFINITIONS = (
					"DEBUG=1",
					"$(inherited)",
				);
				GCC_WARN_64_TO_32_BIT_CONVERSION = YES;
				GCC_WARN_ABOUT_RETURN_TYPE = YES_ERROR;
				GCC_WARN_UNDECLARED_SELECTOR = YES;
				GCC_WARN_UNINITIALIZED_AUTOS = YES_AGGRESSIVE;
				GCC_WARN_UNUSED_FUNCTION = YES;
				GCC_WARN_UNUSED_VARIABLE = YES;
				IPHONEOS_DEPLOYMENT_TARGET = 16.2;
				MTL_ENABLE_DEBUG_INFO = INCLUDE_SOURCE;
				MTL_FAST_MATH = YES;
				ONLY_ACTIVE_ARCH = YES;
				SDKROOT = iphoneos;
				SWIFT_ACTIVE_COMPILATION_CONDITIONS = DEBUG;
				SWIFT_OPTIMIZATION_LEVEL = "-Onone";
			};
			name = Debug;
		};
		C3531227298A463C001D3CEF /* Release */ = {
			isa = XCBuildConfiguration;
			buildSettings = {
				ALWAYS_SEARCH_USER_PATHS = NO;
				CLANG_ANALYZER_NONNULL = YES;
				CLANG_ANALYZER_NUMBER_OBJECT_CONVERSION = YES_AGGRESSIVE;
				CLANG_CXX_LANGUAGE_STANDARD = "gnu++20";
				CLANG_ENABLE_MODULES = YES;
				CLANG_ENABLE_OBJC_ARC = YES;
				CLANG_ENABLE_OBJC_WEAK = YES;
				CLANG_WARN_BLOCK_CAPTURE_AUTORELEASING = YES;
				CLANG_WARN_BOOL_CONVERSION = YES;
				CLANG_WARN_COMMA = YES;
				CLANG_WARN_CONSTANT_CONVERSION = YES;
				CLANG_WARN_DEPRECATED_OBJC_IMPLEMENTATIONS = YES;
				CLANG_WARN_DIRECT_OBJC_ISA_USAGE = YES_ERROR;
				CLANG_WARN_DOCUMENTATION_COMMENTS = YES;
				CLANG_WARN_EMPTY_BODY = YES;
				CLANG_WARN_ENUM_CONVERSION = YES;
				CLANG_WARN_INFINITE_RECURSION = YES;
				CLANG_WARN_INT_CONVERSION = YES;
				CLANG_WARN_NON_LITERAL_NULL_CONVERSION = YES;
				CLANG_WARN_OBJC_IMPLICIT_RETAIN_SELF = YES;
				CLANG_WARN_OBJC_LITERAL_CONVERSION = YES;
				CLANG_WARN_OBJC_ROOT_CLASS = YES_ERROR;
				CLANG_WARN_QUOTED_INCLUDE_IN_FRAMEWORK_HEADER = YES;
				CLANG_WARN_RANGE_LOOP_ANALYSIS = YES;
				CLANG_WARN_STRICT_PROTOTYPES = YES;
				CLANG_WARN_SUSPICIOUS_MOVE = YES;
				CLANG_WARN_UNGUARDED_AVAILABILITY = YES_AGGRESSIVE;
				CLANG_WARN_UNREACHABLE_CODE = YES;
				CLANG_WARN__DUPLICATE_METHOD_MATCH = YES;
				COPY_PHASE_STRIP = NO;
				DEBUG_INFORMATION_FORMAT = "dwarf-with-dsym";
				ENABLE_NS_ASSERTIONS = NO;
				ENABLE_STRICT_OBJC_MSGSEND = YES;
				GCC_C_LANGUAGE_STANDARD = gnu11;
				GCC_NO_COMMON_BLOCKS = YES;
				GCC_WARN_64_TO_32_BIT_CONVERSION = YES;
				GCC_WARN_ABOUT_RETURN_TYPE = YES_ERROR;
				GCC_WARN_UNDECLARED_SELECTOR = YES;
				GCC_WARN_UNINITIALIZED_AUTOS = YES_AGGRESSIVE;
				GCC_WARN_UNUSED_FUNCTION = YES;
				GCC_WARN_UNUSED_VARIABLE = YES;
				IPHONEOS_DEPLOYMENT_TARGET = 16.2;
				MTL_ENABLE_DEBUG_INFO = NO;
				MTL_FAST_MATH = YES;
				SDKROOT = iphoneos;
				SWIFT_COMPILATION_MODE = wholemodule;
				SWIFT_OPTIMIZATION_LEVEL = "-O";
				VALIDATE_PRODUCT = YES;
			};
			name = Release;
		};
		C3531229298A463C001D3CEF /* Debug */ = {
			isa = XCBuildConfiguration;
			buildSettings = {
				ASSETCATALOG_COMPILER_APPICON_NAME = AppIcon;
				ASSETCATALOG_COMPILER_GLOBAL_ACCENT_COLOR_NAME = AccentColor;
				CODE_SIGN_STYLE = Automatic;
				CURRENT_PROJECT_VERSION = 1;
				GENERATE_INFOPLIST_FILE = YES;
				INFOPLIST_FILE = Programmatically/Info.plist;
				INFOPLIST_KEY_UIApplicationSupportsIndirectInputEvents = YES;
				INFOPLIST_KEY_UILaunchStoryboardName = LaunchScreen;
				INFOPLIST_KEY_UIMainStoryboardFile = Main;
				INFOPLIST_KEY_UISupportedInterfaceOrientations_iPad = "UIInterfaceOrientationPortrait UIInterfaceOrientationPortraitUpsideDown UIInterfaceOrientationLandscapeLeft UIInterfaceOrientationLandscapeRight";
				INFOPLIST_KEY_UISupportedInterfaceOrientations_iPhone = "UIInterfaceOrientationPortrait UIInterfaceOrientationLandscapeLeft UIInterfaceOrientationLandscapeRight";
				IPHONEOS_DEPLOYMENT_TARGET = 15.0;
				LD_RUNPATH_SEARCH_PATHS = (
					"$(inherited)",
					"@executable_path/Frameworks",
				);
				MARKETING_VERSION = 1.0;
				PRODUCT_BUNDLE_IDENTIFIER = com.example.Programmatically;
				PRODUCT_NAME = "$(TARGET_NAME)";
				SWIFT_EMIT_LOC_STRINGS = YES;
				SWIFT_VERSION = 5.0;
				TARGETED_DEVICE_FAMILY = "1,2";
			};
			name = Debug;
		};
		C353122A298A463C001D3CEF /* Release */ = {
			isa = XCBuildConfiguration;
			buildSettings = {
				ASSETCATALOG_COMPILER_APPICON_NAME = AppIcon;
				ASSETCATALOG_COMPILER_GLOBAL_ACCENT_COLOR_NAME = AccentColor;
				CODE_SIGN_STYLE = Automatic;
				CURRENT_PROJECT_VERSION = 1;
				GENERATE_INFOPLIST_FILE = YES;
				INFOPLIST_FILE = Programmatically/Info.plist;
				INFOPLIST_KEY_UIApplicationSupportsIndirectInputEvents = YES;
				INFOPLIST_KEY_UILaunchStoryboardName = LaunchScreen;
				INFOPLIST_KEY_UIMainStoryboardFile = Main;
				INFOPLIST_KEY_UISupportedInterfaceOrientations_iPad = "UIInterfaceOrientationPortrait UIInterfaceOrientationPortraitUpsideDown UIInterfaceOrientationLandscapeLeft UIInterfaceOrientationLandscapeRight";
				INFOPLIST_KEY_UISupportedInterfaceOrientations_iPhone = "UIInterfaceOrientationPortrait UIInterfaceOrientationLandscapeLeft UIInterfaceOrientationLandscapeRight";
				IPHONEOS_DEPLOYMENT_TARGET = 15.0;
				LD_RUNPATH_SEARCH_PATHS = (
					"$(inherited)",
					"@executable_path/Frameworks",
				);
				MARKETING_VERSION = 1.0;
				PRODUCT_BUNDLE_IDENTIFIER = com.example.Programmatically;
				PRODUCT_NAME = "$(TARGET_NAME)";
				SWIFT_EMIT_LOC_STRINGS = YES;
				SWIFT_VERSION = 5.0;
				TARGETED_DEVICE_FAMILY = "1,2";
			};
			name = Release;
		};
/* End XCBuildConfiguration section */

/* Begin XCConfigurationList section */
		C353120F298A463B001D3CEF /* Build configuration list for PBXProject "Programmatically" */ = {
			isa = XCConfigurationList;
			buildConfigurations = (
				C3531226298A463C001D3CEF /* Debug */,
				C3531227298A463C001D3CEF /* Release */,
			);
			defaultConfigurationIsVisible = 0;
			defaultConfigurationName = Release;
		};
		C3531228298A463C001D3CEF /* Build configuration list for PBXNativeTarget "Programmatically" */ = {
			isa = XCConfigurationList;
			buildConfigurations = (
				C3531229298A463C001D3CEF /* Debug */,
				C353122A298A463C001D3CEF /* Release */,
			);
			defaultConfigurationIsVisible = 0;
			defaultConfigurationName = Release;
		};
/* End XCConfigurationList section */
	};
	rootObject = C353120C298A463B001D3CEF /* Project object */;
}
