// !$*UTF8*$!
{
	archiveVersion = 1;
	classes = {
	};
	objectVersion = 56;
	objects = {

/* Begin PBXBuildFile section */
		076ADE0729B70EB900597289 /* Student+CoreDataClass.swift in Sources */ = {isa = PBXBuildFile; fileRef = 076ADE0529B70EB900597289 /* Student+CoreDataClass.swift */; };
		076ADE0829B70EB900597289 /* Student+CoreDataProperties.swift in Sources */ = {isa = PBXBuildFile; fileRef = 076ADE0629B70EB900597289 /* Student+CoreDataProperties.swift */; };
		07BFC49A29B7099C00B6CD77 /* AppDelegate.swift in Sources */ = {isa = PBXBuildFile; fileRef = 07BFC49929B7099C00B6CD77 /* AppDelegate.swift */; };
		07BFC49C29B7099C00B6CD77 /* SceneDelegate.swift in Sources */ = {isa = PBXBuildFile; fileRef = 07BFC49B29B7099C00B6CD77 /* SceneDelegate.swift */; };
		07BFC49E29B7099C00B6CD77 /* ViewController.swift in Sources */ = {isa = PBXBuildFile; fileRef = 07BFC49D29B7099C00B6CD77 /* ViewController.swift */; };
		07BFC4A129B7099C00B6CD77 /* Main.storyboard in Resources */ = {isa = PBXBuildFile; fileRef = 07BFC49F29B7099C00B6CD77 /* Main.storyboard */; };
		07BFC4A429B7099C00B6CD77 /* coredatatest.xcdatamodeld in Sources */ = {isa = PBXBuildFile; fileRef = 07BFC4A229B7099C00B6CD77 /* coredatatest.xcdatamodeld */; };
		07BFC4A629B7099D00B6CD77 /* Assets.xcassets in Resources */ = {isa = PBXBuildFile; fileRef = 07BFC4A529B7099D00B6CD77 /* Assets.xcassets */; };
		07BFC4A929B7099D00B6CD77 /* LaunchScreen.storyboard in Resources */ = {isa = PBXBuildFile; fileRef = 07BFC4A729B7099D00B6CD77 /* LaunchScreen.storyboard */; };
/* End PBXBuildFile section */

/* Begin PBXFileReference section */
		076ADE0529B70EB900597289 /* Student+CoreDataClass.swift */ = {isa = PBXFileReference; lastKnownFileType = sourcecode.swift; path = "Student+CoreDataClass.swift"; sourceTree = "<group>"; };
		076ADE0629B70EB900597289 /* Student+CoreDataProperties.swift */ = {isa = PBXFileReference; lastKnownFileType = sourcecode.swift; path = "Student+CoreDataProperties.swift"; sourceTree = "<group>"; };
		07BFC49629B7099C00B6CD77 /* coredatatest.app */ = {isa = PBXFileReference; explicitFileType = wrapper.application; includeInIndex = 0; path = coredatatest.app; sourceTree = BUILT_PRODUCTS_DIR; };
		07BFC49929B7099C00B6CD77 /* AppDelegate.swift */ = {isa = PBXFileReference; lastKnownFileType = sourcecode.swift; path = AppDelegate.swift; sourceTree = "<group>"; };
		07BFC49B29B7099C00B6CD77 /* SceneDelegate.swift */ = {isa = PBXFileReference; lastKnownFileType = sourcecode.swift; path = SceneDelegate.swift; sourceTree = "<group>"; };
		07BFC49D29B7099C00B6CD77 /* ViewController.swift */ = {isa = PBXFileReference; lastKnownFileType = sourcecode.swift; path = ViewController.swift; sourceTree = "<group>"; };
		07BFC4A029B7099C00B6CD77 /* Base */ = {isa = PBXFileReference; lastKnownFileType = file.storyboard; name = Base; path = Base.lproj/Main.storyboard; sourceTree = "<group>"; };
		07BFC4A329B7099C00B6CD77 /* coredatatest.xcdatamodel */ = {isa = PBXFileReference; lastKnownFileType = wrapper.xcdatamodel; path = coredatatest.xcdatamodel; sourceTree = "<group>"; };
		07BFC4A529B7099D00B6CD77 /* Assets.xcassets */ = {isa = PBXFileReference; lastKnownFileType = folder.assetcatalog; path = Assets.xcassets; sourceTree = "<group>"; };
		07BFC4A829B7099D00B6CD77 /* Base */ = {isa = PBXFileReference; lastKnownFileType = file.storyboard; name = Base; path = Base.lproj/LaunchScreen.storyboard; sourceTree = "<group>"; };
		07BFC4AA29B7099D00B6CD77 /* Info.plist */ = {isa = PBXFileReference; lastKnownFileType = text.plist.xml; path = Info.plist; sourceTree = "<group>"; };
/* End PBXFileReference section */

/* Begin PBXFrameworksBuildPhase section */
		07BFC49329B7099C00B6CD77 /* Frameworks */ = {
			isa = PBXFrameworksBuildPhase;
			buildActionMask = 2147483647;
			files = (
			);
			runOnlyForDeploymentPostprocessing = 0;
		};
/* End PBXFrameworksBuildPhase section */

/* Begin PBXGroup section */
		07BFC48D29B7099C00B6CD77 = {
			isa = PBXGroup;
			children = (
				076ADE0529B70EB900597289 /* Student+CoreDataClass.swift */,
				076ADE0629B70EB900597289 /* Student+CoreDataProperties.swift */,
				07BFC49829B7099C00B6CD77 /* coredatatest */,
				07BFC49729B7099C00B6CD77 /* Products */,
			);
			sourceTree = "<group>";
		};
		07BFC49729B7099C00B6CD77 /* Products */ = {
			isa = PBXGroup;
			children = (
				07BFC49629B7099C00B6CD77 /* coredatatest.app */,
			);
			name = Products;
			sourceTree = "<group>";
		};
		07BFC49829B7099C00B6CD77 /* coredatatest */ = {
			isa = PBXGroup;
			children = (
				07BFC49929B7099C00B6CD77 /* AppDelegate.swift */,
				07BFC49B29B7099C00B6CD77 /* SceneDelegate.swift */,
				07BFC49D29B7099C00B6CD77 /* ViewController.swift */,
				07BFC49F29B7099C00B6CD77 /* Main.storyboard */,
				07BFC4A529B7099D00B6CD77 /* Assets.xcassets */,
				07BFC4A729B7099D00B6CD77 /* LaunchScreen.storyboard */,
				07BFC4AA29B7099D00B6CD77 /* Info.plist */,
				07BFC4A229B7099C00B6CD77 /* coredatatest.xcdatamodeld */,
			);
			path = coredatatest;
			sourceTree = "<group>";
		};
/* End PBXGroup section */

/* Begin PBXNativeTarget section */
		07BFC49529B7099C00B6CD77 /* coredatatest */ = {
			isa = PBXNativeTarget;
			buildConfigurationList = 07BFC4AD29B7099D00B6CD77 /* Build configuration list for PBXNativeTarget "coredatatest" */;
			buildPhases = (
				07BFC49229B7099C00B6CD77 /* Sources */,
				07BFC49329B7099C00B6CD77 /* Frameworks */,
				07BFC49429B7099C00B6CD77 /* Resources */,
			);
			buildRules = (
			);
			dependencies = (
			);
			name = coredatatest;
			productName = coredatatest;
			productReference = 07BFC49629B7099C00B6CD77 /* coredatatest.app */;
			productType = "com.apple.product-type.application";
		};
/* End PBXNativeTarget section */

/* Begin PBXProject section */
		07BFC48E29B7099C00B6CD77 /* Project object */ = {
			isa = PBXProject;
			attributes = {
				BuildIndependentTargetsInParallel = 1;
				LastSwiftUpdateCheck = 1410;
				LastUpgradeCheck = 1410;
				TargetAttributes = {
					07BFC49529B7099C00B6CD77 = {
						CreatedOnToolsVersion = 14.1;
					};
				};
			};
			buildConfigurationList = 07BFC49129B7099C00B6CD77 /* Build configuration list for PBXProject "coredatatest" */;
			compatibilityVersion = "Xcode 14.0";
			developmentRegion = en;
			hasScannedForEncodings = 0;
			knownRegions = (
				en,
				Base,
			);
			mainGroup = 07BFC48D29B7099C00B6CD77;
			productRefGroup = 07BFC49729B7099C00B6CD77 /* Products */;
			projectDirPath = "";
			projectRoot = "";
			targets = (
				07BFC49529B7099C00B6CD77 /* coredatatest */,
			);
		};
/* End PBXProject section */

/* Begin PBXResourcesBuildPhase section */
		07BFC49429B7099C00B6CD77 /* Resources */ = {
			isa = PBXResourcesBuildPhase;
			buildActionMask = 2147483647;
			files = (
				07BFC4A929B7099D00B6CD77 /* LaunchScreen.storyboard in Resources */,
				07BFC4A629B7099D00B6CD77 /* Assets.xcassets in Resources */,
				07BFC4A129B7099C00B6CD77 /* Main.storyboard in Resources */,
			);
			runOnlyForDeploymentPostprocessing = 0;
		};
/* End PBXResourcesBuildPhase section */

/* Begin PBXSourcesBuildPhase section */
		07BFC49229B7099C00B6CD77 /* Sources */ = {
			isa = PBXSourcesBuildPhase;
			buildActionMask = 2147483647;
			files = (
				076ADE0829B70EB900597289 /* Student+CoreDataProperties.swift in Sources */,
				07BFC4A429B7099C00B6CD77 /* coredatatest.xcdatamodeld in Sources */,
				07BFC49E29B7099C00B6CD77 /* ViewController.swift in Sources */,
				07BFC49A29B7099C00B6CD77 /* AppDelegate.swift in Sources */,
				07BFC49C29B7099C00B6CD77 /* SceneDelegate.swift in Sources */,
				076ADE0729B70EB900597289 /* Student+CoreDataClass.swift in Sources */,
			);
			runOnlyForDeploymentPostprocessing = 0;
		};
/* End PBXSourcesBuildPhase section */

/* Begin PBXVariantGroup section */
		07BFC49F29B7099C00B6CD77 /* Main.storyboard */ = {
			isa = PBXVariantGroup;
			children = (
				07BFC4A029B7099C00B6CD77 /* Base */,
			);
			name = Main.storyboard;
			sourceTree = "<group>";
		};
		07BFC4A729B7099D00B6CD77 /* LaunchScreen.storyboard */ = {
			isa = PBXVariantGroup;
			children = (
				07BFC4A829B7099D00B6CD77 /* Base */,
			);
			name = LaunchScreen.storyboard;
			sourceTree = "<group>";
		};
/* End PBXVariantGroup section */

/* Begin XCBuildConfiguration section */
		07BFC4AB29B7099D00B6CD77 /* Debug */ = {
			isa = XCBuildConfiguration;
			buildSettings = {
				ALWAYS_SEARCH_USER_PATHS = NO;
				CLANG_ANALYZER_NONNULL = YES;
				CLANG_ANALYZER_NUMBER_OBJECT_CONVERSION = YES_AGGRESSIVE;
				CLANG_CXX_LANGUAGE_STANDARD = "gnu++20";
				CLANG_ENABLE_MODULES = YES;
				CLANG_ENABLE_OBJC_ARC = YES;
				CLANG_ENABLE_OBJC_WEAK = YES;
				CLANG_WARN_BLOCK_CAPTURE_AUTORELEASING = YES;
				CLANG_WARN_BOOL_CONVERSION = YES;
				CLANG_WARN_COMMA = YES;
				CLANG_WARN_CONSTANT_CONVERSION = YES;
				CLANG_WARN_DEPRECATED_OBJC_IMPLEMENTATIONS = YES;
				CLANG_WARN_DIRECT_OBJC_ISA_USAGE = YES_ERROR;
				CLANG_WARN_DOCUMENTATION_COMMENTS = YES;
				CLANG_WARN_EMPTY_BODY = YES;
				CLANG_WARN_ENUM_CONVERSION = YES;
				CLANG_WARN_INFINITE_RECURSION = YES;
				CLANG_WARN_INT_CONVERSION = YES;
				CLANG_WARN_NON_LITERAL_NULL_CONVERSION = YES;
				CLANG_WARN_OBJC_IMPLICIT_RETAIN_SELF = YES;
				CLANG_WARN_OBJC_LITERAL_CONVERSION = YES;
				CLANG_WARN_OBJC_ROOT_CLASS = YES_ERROR;
				CLANG_WARN_QUOTED_INCLUDE_IN_FRAMEWORK_HEADER = YES;
				CLANG_WARN_RANGE_LOOP_ANALYSIS = YES;
				CLANG_WARN_STRICT_PROTOTYPES = YES;
				CLANG_WARN_SUSPICIOUS_MOVE = YES;
				CLANG_WARN_UNGUARDED_AVAILABILITY = YES_AGGRESSIVE;
				CLANG_WARN_UNREACHABLE_CODE = YES;
				CLANG_WARN__DUPLICATE_METHOD_MATCH = YES;
				COPY_PHASE_STRIP = NO;
				DEBUG_INFORMATION_FORMAT = dwarf;
				ENABLE_STRICT_OBJC_MSGSEND = YES;
				ENABLE_TESTABILITY = YES;
				GCC_C_LANGUAGE_STANDARD = gnu11;
				GCC_DYNAMIC_NO_PIC = NO;
				GCC_NO_COMMON_BLOCKS = YES;
				GCC_OPTIMIZATION_LEVEL = 0;
				GCC_PREPROCESSOR_DEFINITIONS = (
					"DEBUG=1",
					"$(inherited)",
				);
				GCC_WARN_64_TO_32_BIT_CONVERSION = YES;
				GCC_WARN_ABOUT_RETURN_TYPE = YES_ERROR;
				GCC_WARN_UNDECLARED_SELECTOR = YES;
				GCC_WARN_UNINITIALIZED_AUTOS = YES_AGGRESSIVE;
				GCC_WARN_UNUSED_FUNCTION = YES;
				GCC_WARN_UNUSED_VARIABLE = YES;
				IPHONEOS_DEPLOYMENT_TARGET = 16.1;
				MTL_ENABLE_DEBUG_INFO = INCLUDE_SOURCE;
				MTL_FAST_MATH = YES;
				ONLY_ACTIVE_ARCH = YES;
				SDKROOT = iphoneos;
				SWIFT_ACTIVE_COMPILATION_CONDITIONS = DEBUG;
				SWIFT_OPTIMIZATION_LEVEL = "-Onone";
			};
			name = Debug;
		};
		07BFC4AC29B7099D00B6CD77 /* Release */ = {
			isa = XCBuildConfiguration;
			buildSettings = {
				ALWAYS_SEARCH_USER_PATHS = NO;
				CLANG_ANALYZER_NONNULL = YES;
				CLANG_ANALYZER_NUMBER_OBJECT_CONVERSION = YES_AGGRESSIVE;
				CLANG_CXX_LANGUAGE_STANDARD = "gnu++20";
				CLANG_ENABLE_MODULES = YES;
				CLANG_ENABLE_OBJC_ARC = YES;
				CLANG_ENABLE_OBJC_WEAK = YES;
				CLANG_WARN_BLOCK_CAPTURE_AUTORELEASING = YES;
				CLANG_WARN_BOOL_CONVERSION = YES;
				CLANG_WARN_COMMA = YES;
				CLANG_WARN_CONSTANT_CONVERSION = YES;
				CLANG_WARN_DEPRECATED_OBJC_IMPLEMENTATIONS = YES;
				CLANG_WARN_DIRECT_OBJC_ISA_USAGE = YES_ERROR;
				CLANG_WARN_DOCUMENTATION_COMMENTS = YES;
				CLANG_WARN_EMPTY_BODY = YES;
				CLANG_WARN_ENUM_CONVERSION = YES;
				CLANG_WARN_INFINITE_RECURSION = YES;
				CLANG_WARN_INT_CONVERSION = YES;
				CLANG_WARN_NON_LITERAL_NULL_CONVERSION = YES;
				CLANG_WARN_OBJC_IMPLICIT_RETAIN_SELF = YES;
				CLANG_WARN_OBJC_LITERAL_CONVERSION = YES;
				CLANG_WARN_OBJC_ROOT_CLASS = YES_ERROR;
				CLANG_WARN_QUOTED_INCLUDE_IN_FRAMEWORK_HEADER = YES;
				CLANG_WARN_RANGE_LOOP_ANALYSIS = YES;
				CLANG_WARN_STRICT_PROTOTYPES = YES;
				CLANG_WARN_SUSPICIOUS_MOVE = YES;
				CLANG_WARN_UNGUARDED_AVAILABILITY = YES_AGGRESSIVE;
				CLANG_WARN_UNREACHABLE_CODE = YES;
				CLANG_WARN__DUPLICATE_METHOD_MATCH = YES;
				COPY_PHASE_STRIP = NO;
				DEBUG_INFORMATION_FORMAT = "dwarf-with-dsym";
				ENABLE_NS_ASSERTIONS = NO;
				ENABLE_STRICT_OBJC_MSGSEND = YES;
				GCC_C_LANGUAGE_STANDARD = gnu11;
				GCC_NO_COMMON_BLOCKS = YES;
				GCC_WARN_64_TO_32_BIT_CONVERSION = YES;
				GCC_WARN_ABOUT_RETURN_TYPE = YES_ERROR;
				GCC_WARN_UNDECLARED_SELECTOR = YES;
				GCC_WARN_UNINITIALIZED_AUTOS = YES_AGGRESSIVE;
				GCC_WARN_UNUSED_FUNCTION = YES;
				GCC_WARN_UNUSED_VARIABLE = YES;
				IPHONEOS_DEPLOYMENT_TARGET = 16.1;
				MTL_ENABLE_DEBUG_INFO = NO;
				MTL_FAST_MATH = YES;
				SDKROOT = iphoneos;
				SWIFT_COMPILATION_MODE = wholemodule;
				SWIFT_OPTIMIZATION_LEVEL = "-O";
				VALIDATE_PRODUCT = YES;
			};
			name = Release;
		};
		07BFC4AE29B7099D00B6CD77 /* Debug */ = {
			isa = XCBuildConfiguration;
			buildSettings = {
				ASSETCATALOG_COMPILER_APPICON_NAME = AppIcon;
				ASSETCATALOG_COMPILER_GLOBAL_ACCENT_COLOR_NAME = AccentColor;
				CODE_SIGN_STYLE = Automatic;
				CURRENT_PROJECT_VERSION = 1;
				DEVELOPMENT_TEAM = JPL95P9M3W;
				GENERATE_INFOPLIST_FILE = YES;
				INFOPLIST_FILE = coredatatest/Info.plist;
				INFOPLIST_KEY_UIApplicationSupportsIndirectInputEvents = YES;
				INFOPLIST_KEY_UILaunchStoryboardName = LaunchScreen;
				INFOPLIST_KEY_UIMainStoryboardFile = Main;
				INFOPLIST_KEY_UISupportedInterfaceOrientations_iPad = "UIInterfaceOrientationPortrait UIInterfaceOrientationPortraitUpsideDown UIInterfaceOrientationLandscapeLeft UIInterfaceOrientationLandscapeRight";
				INFOPLIST_KEY_UISupportedInterfaceOrientations_iPhone = "UIInterfaceOrientationPortrait UIInterfaceOrientationLandscapeLeft UIInterfaceOrientationLandscapeRight";
				LD_RUNPATH_SEARCH_PATHS = (
					"$(inherited)",
					"@executable_path/Frameworks",
				);
				MARKETING_VERSION = 1.0;
				PRODUCT_BUNDLE_IDENTIFIER = "test-project.coredatatest";
				PRODUCT_NAME = "$(TARGET_NAME)";
				SWIFT_EMIT_LOC_STRINGS = YES;
				SWIFT_VERSION = 5.0;
				TARGETED_DEVICE_FAMILY = "1,2";
			};
			name = Debug;
		};
		07BFC4AF29B7099D00B6CD77 /* Release */ = {
			isa = XCBuildConfiguration;
			buildSettings = {
				ASSETCATALOG_COMPILER_APPICON_NAME = AppIcon;
				ASSETCATALOG_COMPILER_GLOBAL_ACCENT_COLOR_NAME = AccentColor;
				CODE_SIGN_STYLE = Automatic;
				CURRENT_PROJECT_VERSION = 1;
				DEVELOPMENT_TEAM = JPL95P9M3W;
				GENERATE_INFOPLIST_FILE = YES;
				INFOPLIST_FILE = coredatatest/Info.plist;
				INFOPLIST_KEY_UIApplicationSupportsIndirectInputEvents = YES;
				INFOPLIST_KEY_UILaunchStoryboardName = LaunchScreen;
				INFOPLIST_KEY_UIMainStoryboardFile = Main;
				INFOPLIST_KEY_UISupportedInterfaceOrientations_iPad = "UIInterfaceOrientationPortrait UIInterfaceOrientationPortraitUpsideDown UIInterfaceOrientationLandscapeLeft UIInterfaceOrientationLandscapeRight";
				INFOPLIST_KEY_UISupportedInterfaceOrientations_iPhone = "UIInterfaceOrientationPortrait UIInterfaceOrientationLandscapeLeft UIInterfaceOrientationLandscapeRight";
				LD_RUNPATH_SEARCH_PATHS = (
					"$(inherited)",
					"@executable_path/Frameworks",
				);
				MARKETING_VERSION = 1.0;
				PRODUCT_BUNDLE_IDENTIFIER = "test-project.coredatatest";
				PRODUCT_NAME = "$(TARGET_NAME)";
				SWIFT_EMIT_LOC_STRINGS = YES;
				SWIFT_VERSION = 5.0;
				TARGETED_DEVICE_FAMILY = "1,2";
			};
			name = Release;
		};
/* End XCBuildConfiguration section */

/* Begin XCConfigurationList section */
		07BFC49129B7099C00B6CD77 /* Build configuration list for PBXProject "coredatatest" */ = {
			isa = XCConfigurationList;
			buildConfigurations = (
				07BFC4AB29B7099D00B6CD77 /* Debug */,
				07BFC4AC29B7099D00B6CD77 /* Release */,
			);
			defaultConfigurationIsVisible = 0;
			defaultConfigurationName = Release;
		};
		07BFC4AD29B7099D00B6CD77 /* Build configuration list for PBXNativeTarget "coredatatest" */ = {
			isa = XCConfigurationList;
			buildConfigurations = (
				07BFC4AE29B7099D00B6CD77 /* Debug */,
				07BFC4AF29B7099D00B6CD77 /* Release */,
			);
			defaultConfigurationIsVisible = 0;
			defaultConfigurationName = Release;
		};
/* End XCConfigurationList section */

/* Begin XCVersionGroup section */
		07BFC4A229B7099C00B6CD77 /* coredatatest.xcdatamodeld */ = {
			isa = XCVersionGroup;
			children = (
				07BFC4A329B7099C00B6CD77 /* coredatatest.xcdatamodel */,
			);
			currentVersion = 07BFC4A329B7099C00B6CD77 /* coredatatest.xcdatamodel */;
			path = coredatatest.xcdatamodeld;
			sourceTree = "<group>";
			versionGroupType = wrapper.xcdatamodel;
		};
/* End XCVersionGroup section */
	};
	rootObject = 07BFC48E29B7099C00B6CD77 /* Project object */;
}
