PODS:
  - Alamofire (4.9.1)
  - iOSDropDown (0.4.0)
  - IQKeyboardManagerSwift (6.5.11)

DEPENDENCIES:
  - Alamofire (~> 4.7)
  - iOSDropDown
  - IQKeyboardManagerSwift

SPEC REPOS:
  trunk:
    - Alamofire
    - iOSDropDown
    - IQKeyboardManagerSwift

SPEC CHECKSUMS:
  Alamofire: 85e8a02c69d6020a0d734f6054870d7ecb75cf18
  iOSDropDown: ce9daa584eaa5567cafc1b633e3cc7eb6d9cea42
  IQKeyboardManagerSwift: c7955c0bdbf7b2eb29bb7daaa44e3d90f55a9a85

PODFILE CHECKSUM: 3e1f77ef923698cb7945839e3577e1ba8cca8860

COCOAPODS: 1.11.3
