// !$*UTF8*$!
{
	archiveVersion = 1;
	classes = {
	};
	objectVersion = 55;
	objects = {

/* Begin PBXBuildFile section */
		0705957D2979C0230074D03E /* iOSDropDown.framework in Frameworks */ = {isa = PBXBuildFile; fileRef = 0705957C2979C0230074D03E /* iOSDropDown.framework */; };
		0718152B2973333D00F906F8 /* Signup-Story.storyboard in Resources */ = {isa = PBXBuildFile; fileRef = 0718152A2973333D00F906F8 /* Signup-Story.storyboard */; };
		0718152D2973335F00F906F8 /* SingupScreen.swift in Sources */ = {isa = PBXBuildFile; fileRef = 0718152C2973335F00F906F8 /* SingupScreen.swift */; };
		07356DEA2973CE3B00F86B0F /* Demo.swift in Sources */ = {isa = PBXBuildFile; fileRef = 07356DE92973CE3B00F86B0F /* Demo.swift */; };
		0745274329731C440059DF1E /* AppLogo.xib in Resources */ = {isa = PBXBuildFile; fileRef = 0745274229731C440059DF1E /* AppLogo.xib */; };
		0745274529731D040059DF1E /* AppLogo.swift in Sources */ = {isa = PBXBuildFile; fileRef = 0745274429731D040059DF1E /* AppLogo.swift */; };
		0759D15B2983B426002FAE99 /* SearchItemCell.swift in Sources */ = {isa = PBXBuildFile; fileRef = 0759D15A2983B426002FAE99 /* SearchItemCell.swift */; };
		078EA40C297D69B600714C20 /* Network.swift in Sources */ = {isa = PBXBuildFile; fileRef = 078EA40B297D69B600714C20 /* Network.swift */; };
		078EA40F297D6FB200714C20 /* Users.swift in Sources */ = {isa = PBXBuildFile; fileRef = 078EA40E297D6FB200714C20 /* Users.swift */; };
		07948F04297C5DEE00DD21DF /* Constants.swift in Sources */ = {isa = PBXBuildFile; fileRef = 07948F03297C5DEE00DD21DF /* Constants.swift */; };
		07948F07297C651E00DD21DF /* GradientView.swift in Sources */ = {isa = PBXBuildFile; fileRef = 07948F06297C651E00DD21DF /* GradientView.swift */; };
		07948F09297C738B00DD21DF /* singupLiveSuccess.swift in Sources */ = {isa = PBXBuildFile; fileRef = 07948F08297C738B00DD21DF /* singupLiveSuccess.swift */; };
		07949FEE296C71570071F149 /* AppDelegate.swift in Sources */ = {isa = PBXBuildFile; fileRef = 07949FED296C71570071F149 /* AppDelegate.swift */; };
		07949FF0296C71570071F149 /* SceneDelegate.swift in Sources */ = {isa = PBXBuildFile; fileRef = 07949FEF296C71570071F149 /* SceneDelegate.swift */; };
		07949FF2296C71570071F149 /* MainController.swift in Sources */ = {isa = PBXBuildFile; fileRef = 07949FF1296C71570071F149 /* MainController.swift */; };
		07949FF5296C71570071F149 /* Main.storyboard in Resources */ = {isa = PBXBuildFile; fileRef = 07949FF3296C71570071F149 /* Main.storyboard */; };
		07949FF7296C71580071F149 /* Assets.xcassets in Resources */ = {isa = PBXBuildFile; fileRef = 07949FF6296C71580071F149 /* Assets.xcassets */; };
		07949FFA296C71580071F149 /* LaunchScreen.storyboard in Resources */ = {isa = PBXBuildFile; fileRef = 07949FF8296C71580071F149 /* LaunchScreen.storyboard */; };
		0794A010296C7B570071F149 /* LogoViewController.swift in Sources */ = {isa = PBXBuildFile; fileRef = 0794A00E296C7B570071F149 /* LogoViewController.swift */; };
		0794A011296C7B570071F149 /* LogoViewController.xib in Resources */ = {isa = PBXBuildFile; fileRef = 0794A00F296C7B570071F149 /* LogoViewController.xib */; };
		07A6C0372982FEF3003BC1D7 /* SeachListItemModel.swift in Sources */ = {isa = PBXBuildFile; fileRef = 07A6C0362982FEF3003BC1D7 /* SeachListItemModel.swift */; };
		07A6C03A29830341003BC1D7 /* search_viewmodel.swift in Sources */ = {isa = PBXBuildFile; fileRef = 07A6C03929830341003BC1D7 /* search_viewmodel.swift */; };
		07BDB6CA297EF4ED00B76996 /* SearchStory.storyboard in Resources */ = {isa = PBXBuildFile; fileRef = 07BDB6C9297EF4ED00B76996 /* SearchStory.storyboard */; };
		07BDB6CC297EF85300B76996 /* SearchView.swift in Sources */ = {isa = PBXBuildFile; fileRef = 07BDB6CB297EF85300B76996 /* SearchView.swift */; };
		C31D0F5029752EBF00BF79C9 /* SingupLiveHelper.swift in Sources */ = {isa = PBXBuildFile; fileRef = C31D0F4F29752EBF00BF79C9 /* SingupLiveHelper.swift */; };
		C31D0F56297539AD00BF79C9 /* singupLiveEmail.swift in Sources */ = {isa = PBXBuildFile; fileRef = C31D0F55297539AD00BF79C9 /* singupLiveEmail.swift */; };
		C3B5C07429757EAA0087E3A4 /* singupLiveName.swift in Sources */ = {isa = PBXBuildFile; fileRef = C3B5C07329757EAA0087E3A4 /* singupLiveName.swift */; };
		C3B5C07629757EBB0087E3A4 /* singupLivePassword.swift in Sources */ = {isa = PBXBuildFile; fileRef = C3B5C07529757EBB0087E3A4 /* singupLivePassword.swift */; };
		C3B5C07829757ECA0087E3A4 /* singupLiveDOB.swift in Sources */ = {isa = PBXBuildFile; fileRef = C3B5C07729757EC90087E3A4 /* singupLiveDOB.swift */; };
		C3B5C07A29757EDA0087E3A4 /* singupLiveCounty.swift in Sources */ = {isa = PBXBuildFile; fileRef = C3B5C07929757EDA0087E3A4 /* singupLiveCounty.swift */; };
		C3B93B01296D8F6D00FED50F /* TextFieldExtension.swift in Sources */ = {isa = PBXBuildFile; fileRef = C3B93B00296D8F6D00FED50F /* TextFieldExtension.swift */; };
		C3EFDBB5296D7BA000D382A3 /* AppTextField.xib in Resources */ = {isa = PBXBuildFile; fileRef = C3EFDBB4296D7BA000D382A3 /* AppTextField.xib */; };
		C3EFDBB7296D7BFD00D382A3 /* AppTextField.swift in Sources */ = {isa = PBXBuildFile; fileRef = C3EFDBB6296D7BFD00D382A3 /* AppTextField.swift */; };
		EF446D5671F053561D0467CA /* Pods_iOS_trader.framework in Frameworks */ = {isa = PBXBuildFile; fileRef = 292C8738301A090A6448389B /* Pods_iOS_trader.framework */; };
/* End PBXBuildFile section */

/* Begin PBXFileReference section */
		0705957C2979C0230074D03E /* iOSDropDown.framework */ = {isa = PBXFileReference; explicitFileType = wrapper.framework; path = iOSDropDown.framework; sourceTree = BUILT_PRODUCTS_DIR; };
		0718152A2973333D00F906F8 /* Signup-Story.storyboard */ = {isa = PBXFileReference; lastKnownFileType = file.storyboard; path = "Signup-Story.storyboard"; sourceTree = "<group>"; };
		0718152C2973335F00F906F8 /* SingupScreen.swift */ = {isa = PBXFileReference; lastKnownFileType = sourcecode.swift; path = SingupScreen.swift; sourceTree = "<group>"; };
		07356DE92973CE3B00F86B0F /* Demo.swift */ = {isa = PBXFileReference; lastKnownFileType = sourcecode.swift; path = Demo.swift; sourceTree = "<group>"; };
		0745274229731C440059DF1E /* AppLogo.xib */ = {isa = PBXFileReference; lastKnownFileType = file.xib; path = AppLogo.xib; sourceTree = "<group>"; };
		0745274429731D040059DF1E /* AppLogo.swift */ = {isa = PBXFileReference; lastKnownFileType = sourcecode.swift; path = AppLogo.swift; sourceTree = "<group>"; };
		0759D15A2983B426002FAE99 /* SearchItemCell.swift */ = {isa = PBXFileReference; lastKnownFileType = sourcecode.swift; path = SearchItemCell.swift; sourceTree = "<group>"; };
		078EA40B297D69B600714C20 /* Network.swift */ = {isa = PBXFileReference; lastKnownFileType = sourcecode.swift; path = Network.swift; sourceTree = "<group>"; };
		078EA40E297D6FB200714C20 /* Users.swift */ = {isa = PBXFileReference; lastKnownFileType = sourcecode.swift; path = Users.swift; sourceTree = "<group>"; };
		07948F03297C5DEE00DD21DF /* Constants.swift */ = {isa = PBXFileReference; lastKnownFileType = sourcecode.swift; path = Constants.swift; sourceTree = "<group>"; };
		07948F06297C651E00DD21DF /* GradientView.swift */ = {isa = PBXFileReference; lastKnownFileType = sourcecode.swift; path = GradientView.swift; sourceTree = "<group>"; };
		07948F08297C738B00DD21DF /* singupLiveSuccess.swift */ = {isa = PBXFileReference; lastKnownFileType = sourcecode.swift; path = singupLiveSuccess.swift; sourceTree = "<group>"; };
		07949FEA296C71570071F149 /* iOS-trader.app */ = {isa = PBXFileReference; explicitFileType = wrapper.application; includeInIndex = 0; path = "iOS-trader.app"; sourceTree = BUILT_PRODUCTS_DIR; };
		07949FED296C71570071F149 /* AppDelegate.swift */ = {isa = PBXFileReference; lastKnownFileType = sourcecode.swift; path = AppDelegate.swift; sourceTree = "<group>"; };
		07949FEF296C71570071F149 /* SceneDelegate.swift */ = {isa = PBXFileReference; lastKnownFileType = sourcecode.swift; path = SceneDelegate.swift; sourceTree = "<group>"; };
		07949FF1296C71570071F149 /* MainController.swift */ = {isa = PBXFileReference; lastKnownFileType = sourcecode.swift; path = MainController.swift; sourceTree = "<group>"; };
		07949FF4296C71570071F149 /* Base */ = {isa = PBXFileReference; lastKnownFileType = file.storyboard; name = Base; path = Base.lproj/Main.storyboard; sourceTree = "<group>"; };
		07949FF6296C71580071F149 /* Assets.xcassets */ = {isa = PBXFileReference; lastKnownFileType = folder.assetcatalog; path = Assets.xcassets; sourceTree = "<group>"; };
		07949FF9296C71580071F149 /* Base */ = {isa = PBXFileReference; lastKnownFileType = file.storyboard; name = Base; path = Base.lproj/LaunchScreen.storyboard; sourceTree = "<group>"; };
		07949FFB296C71580071F149 /* Info.plist */ = {isa = PBXFileReference; lastKnownFileType = text.plist.xml; path = Info.plist; sourceTree = "<group>"; };
		0794A00E296C7B570071F149 /* LogoViewController.swift */ = {isa = PBXFileReference; lastKnownFileType = sourcecode.swift; path = LogoViewController.swift; sourceTree = "<group>"; };
		0794A00F296C7B570071F149 /* LogoViewController.xib */ = {isa = PBXFileReference; lastKnownFileType = file.xib; path = LogoViewController.xib; sourceTree = "<group>"; };
		07A6C0362982FEF3003BC1D7 /* SeachListItemModel.swift */ = {isa = PBXFileReference; lastKnownFileType = sourcecode.swift; path = SeachListItemModel.swift; sourceTree = "<group>"; };
		07A6C03929830341003BC1D7 /* search_viewmodel.swift */ = {isa = PBXFileReference; lastKnownFileType = sourcecode.swift; path = search_viewmodel.swift; sourceTree = "<group>"; };
		07BDB6C9297EF4ED00B76996 /* SearchStory.storyboard */ = {isa = PBXFileReference; lastKnownFileType = file.storyboard; path = SearchStory.storyboard; sourceTree = "<group>"; };
		07BDB6CB297EF85300B76996 /* SearchView.swift */ = {isa = PBXFileReference; lastKnownFileType = sourcecode.swift; path = SearchView.swift; sourceTree = "<group>"; };
		292C8738301A090A6448389B /* Pods_iOS_trader.framework */ = {isa = PBXFileReference; explicitFileType = wrapper.framework; includeInIndex = 0; path = Pods_iOS_trader.framework; sourceTree = BUILT_PRODUCTS_DIR; };
		60756EB4F379052E966FBD87 /* Pods-iOS-trader.debug.xcconfig */ = {isa = PBXFileReference; includeInIndex = 1; lastKnownFileType = text.xcconfig; name = "Pods-iOS-trader.debug.xcconfig"; path = "Target Support Files/Pods-iOS-trader/Pods-iOS-trader.debug.xcconfig"; sourceTree = "<group>"; };
		C31D0F4F29752EBF00BF79C9 /* SingupLiveHelper.swift */ = {isa = PBXFileReference; lastKnownFileType = sourcecode.swift; path = SingupLiveHelper.swift; sourceTree = "<group>"; };
		C31D0F55297539AD00BF79C9 /* singupLiveEmail.swift */ = {isa = PBXFileReference; lastKnownFileType = sourcecode.swift; path = singupLiveEmail.swift; sourceTree = "<group>"; };
		C3B5C07329757EAA0087E3A4 /* singupLiveName.swift */ = {isa = PBXFileReference; lastKnownFileType = sourcecode.swift; path = singupLiveName.swift; sourceTree = "<group>"; };
		C3B5C07529757EBB0087E3A4 /* singupLivePassword.swift */ = {isa = PBXFileReference; lastKnownFileType = sourcecode.swift; path = singupLivePassword.swift; sourceTree = "<group>"; };
		C3B5C07729757EC90087E3A4 /* singupLiveDOB.swift */ = {isa = PBXFileReference; lastKnownFileType = sourcecode.swift; path = singupLiveDOB.swift; sourceTree = "<group>"; };
		C3B5C07929757EDA0087E3A4 /* singupLiveCounty.swift */ = {isa = PBXFileReference; lastKnownFileType = sourcecode.swift; path = singupLiveCounty.swift; sourceTree = "<group>"; };
		C3B93B00296D8F6D00FED50F /* TextFieldExtension.swift */ = {isa = PBXFileReference; lastKnownFileType = sourcecode.swift; path = TextFieldExtension.swift; sourceTree = "<group>"; };
		C3EFDBB4296D7BA000D382A3 /* AppTextField.xib */ = {isa = PBXFileReference; lastKnownFileType = file.xib; path = AppTextField.xib; sourceTree = "<group>"; };
		C3EFDBB6296D7BFD00D382A3 /* AppTextField.swift */ = {isa = PBXFileReference; lastKnownFileType = sourcecode.swift; path = AppTextField.swift; sourceTree = "<group>"; };
		C58AC734B6C53FCBC387402A /* Pods-iOS-trader.release.xcconfig */ = {isa = PBXFileReference; includeInIndex = 1; lastKnownFileType = text.xcconfig; name = "Pods-iOS-trader.release.xcconfig"; path = "Target Support Files/Pods-iOS-trader/Pods-iOS-trader.release.xcconfig"; sourceTree = "<group>"; };
/* End PBXFileReference section */

/* Begin PBXFrameworksBuildPhase section */
		07949FE7296C71570071F149 /* Frameworks */ = {
			isa = PBXFrameworksBuildPhase;
			buildActionMask = 2147483647;
			files = (
				0705957D2979C0230074D03E /* iOSDropDown.framework in Frameworks */,
				EF446D5671F053561D0467CA /* Pods_iOS_trader.framework in Frameworks */,
			);
			runOnlyForDeploymentPostprocessing = 0;
		};
/* End PBXFrameworksBuildPhase section */

/* Begin PBXGroup section */
		071815272973313E00F906F8 /* signup */ = {
			isa = PBXGroup;
			children = (
				071815292973315500F906F8 /* live */,
				071815282973314B00F906F8 /* demo */,
				0718152A2973333D00F906F8 /* Signup-Story.storyboard */,
				0718152C2973335F00F906F8 /* SingupScreen.swift */,
			);
			path = signup;
			sourceTree = "<group>";
		};
		071815282973314B00F906F8 /* demo */ = {
			isa = PBXGroup;
			children = (
				07356DE92973CE3B00F86B0F /* Demo.swift */,
			);
			path = demo;
			sourceTree = "<group>";
		};
		071815292973315500F906F8 /* live */ = {
			isa = PBXGroup;
			children = (
				078EA40D297D6F8E00714C20 /* model */,
				C31D0F542975396D00BF79C9 /* view */,
				07A6C038298301FF003BC1D7 /* viewmodel */,
			);
			path = live;
			sourceTree = "<group>";
		};
		0745274129731C180059DF1E /* AppLogo */ = {
			isa = PBXGroup;
			children = (
				0745274229731C440059DF1E /* AppLogo.xib */,
				0745274429731D040059DF1E /* AppLogo.swift */,
			);
			path = AppLogo;
			sourceTree = "<group>";
		};
		0750F382297BC2A800EB2B91 /* home */ = {
			isa = PBXGroup;
			children = (
			);
			path = home;
			sourceTree = "<group>";
		};
		0750F383297BC2C700EB2B91 /* search */ = {
			isa = PBXGroup;
			children = (
				07A6C0312982FE79003BC1D7 /* modell */,
				07A6C0322982FE9E003BC1D7 /* view */,
				07A6C0342982FEBB003BC1D7 /* viewmodel */,
			);
			path = search;
			sourceTree = "<group>";
		};
		0759D1592983B3D0002FAE99 /* widget */ = {
			isa = PBXGroup;
			children = (
				0759D15A2983B426002FAE99 /* SearchItemCell.swift */,
			);
			path = widget;
			sourceTree = "<group>";
		};
		078EA40A297D69A000714C20 /* Data */ = {
			isa = PBXGroup;
			children = (
				078EA40B297D69B600714C20 /* Network.swift */,
			);
			path = Data;
			sourceTree = "<group>";
		};
		078EA40D297D6F8E00714C20 /* model */ = {
			isa = PBXGroup;
			children = (
				078EA40E297D6FB200714C20 /* Users.swift */,
			);
			path = model;
			sourceTree = "<group>";
		};
		07948F02297C5DDB00DD21DF /* Values */ = {
			isa = PBXGroup;
			children = (
				07948F03297C5DEE00DD21DF /* Constants.swift */,
			);
			path = Values;
			sourceTree = "<group>";
		};
		07948F05297C64F800DD21DF /* Gradient */ = {
			isa = PBXGroup;
			children = (
				07948F06297C651E00DD21DF /* GradientView.swift */,
			);
			path = Gradient;
			sourceTree = "<group>";
		};
		07949FE1296C71570071F149 = {
			isa = PBXGroup;
			children = (
				07949FEC296C71570071F149 /* iOS-trader */,
				07949FEB296C71570071F149 /* Products */,
				0D4586958729CF2679D198DD /* Pods */,
				7E859AC97C60593DCA1628B3 /* Frameworks */,
			);
			sourceTree = "<group>";
		};
		07949FEB296C71570071F149 /* Products */ = {
			isa = PBXGroup;
			children = (
				07949FEA296C71570071F149 /* iOS-trader.app */,
			);
			name = Products;
			sourceTree = "<group>";
		};
		07949FEC296C71570071F149 /* iOS-trader */ = {
			isa = PBXGroup;
			children = (
				078EA40A297D69A000714C20 /* Data */,
				07948F02297C5DDB00DD21DF /* Values */,
				0794A001296C716E0071F149 /* Application */,
				C3B93AFF296D8F5C00FED50F /* Helper */,
				0794A005296C75BA0071F149 /* Components */,
				0794A002296C718C0071F149 /* Screen */,
				0794A004296C71B10071F149 /* Storyboard */,
				0794A003296C71A10071F149 /* Resources */,
				07949FFB296C71580071F149 /* Info.plist */,
			);
			path = "iOS-trader";
			sourceTree = "<group>";
		};
		0794A001296C716E0071F149 /* Application */ = {
			isa = PBXGroup;
			children = (
				07949FED296C71570071F149 /* AppDelegate.swift */,
				07949FEF296C71570071F149 /* SceneDelegate.swift */,
			);
			path = Application;
			sourceTree = "<group>";
		};
		0794A002296C718C0071F149 /* Screen */ = {
			isa = PBXGroup;
			children = (
				0750F383297BC2C700EB2B91 /* search */,
				0750F382297BC2A800EB2B91 /* home */,
				071815272973313E00F906F8 /* signup */,
				07949FF1296C71570071F149 /* MainController.swift */,
			);
			path = Screen;
			sourceTree = "<group>";
		};
		0794A003296C71A10071F149 /* Resources */ = {
			isa = PBXGroup;
			children = (
				07949FF6296C71580071F149 /* Assets.xcassets */,
			);
			path = Resources;
			sourceTree = "<group>";
		};
		0794A004296C71B10071F149 /* Storyboard */ = {
			isa = PBXGroup;
			children = (
				07949FF3296C71570071F149 /* Main.storyboard */,
				07949FF8296C71580071F149 /* LaunchScreen.storyboard */,
			);
			path = Storyboard;
			sourceTree = "<group>";
		};
		0794A005296C75BA0071F149 /* Components */ = {
			isa = PBXGroup;
			children = (
				07948F05297C64F800DD21DF /* Gradient */,
				0745274129731C180059DF1E /* AppLogo */,
				C3EFDBB3296D7B8A00D382A3 /* AppTextField */,
				0794A00D296C7AD70071F149 /* Logo */,
			);
			path = Components;
			sourceTree = "<group>";
		};
		0794A00D296C7AD70071F149 /* Logo */ = {
			isa = PBXGroup;
			children = (
				0794A00E296C7B570071F149 /* LogoViewController.swift */,
				0794A00F296C7B570071F149 /* LogoViewController.xib */,
			);
			path = Logo;
			sourceTree = "<group>";
		};
		07A6C0312982FE79003BC1D7 /* modell */ = {
			isa = PBXGroup;
			children = (
				07A6C0362982FEF3003BC1D7 /* SeachListItemModel.swift */,
			);
			path = modell;
			sourceTree = "<group>";
		};
		07A6C0322982FE9E003BC1D7 /* view */ = {
			isa = PBXGroup;
			children = (
				0759D1592983B3D0002FAE99 /* widget */,
				07BDB6C9297EF4ED00B76996 /* SearchStory.storyboard */,
				07BDB6CB297EF85300B76996 /* SearchView.swift */,
			);
			path = view;
			sourceTree = "<group>";
		};
		07A6C0342982FEBB003BC1D7 /* viewmodel */ = {
			isa = PBXGroup;
			children = (
				07A6C03929830341003BC1D7 /* search_viewmodel.swift */,
			);
			path = viewmodel;
			sourceTree = "<group>";
		};
		07A6C038298301FF003BC1D7 /* viewmodel */ = {
			isa = PBXGroup;
			children = (
				C31D0F4F29752EBF00BF79C9 /* SingupLiveHelper.swift */,
			);
			path = viewmodel;
			sourceTree = "<group>";
		};
		0D4586958729CF2679D198DD /* Pods */ = {
			isa = PBXGroup;
			children = (
				60756EB4F379052E966FBD87 /* Pods-iOS-trader.debug.xcconfig */,
				C58AC734B6C53FCBC387402A /* Pods-iOS-trader.release.xcconfig */,
			);
			path = Pods;
			sourceTree = "<group>";
		};
		7E859AC97C60593DCA1628B3 /* Frameworks */ = {
			isa = PBXGroup;
			children = (
				0705957C2979C0230074D03E /* iOSDropDown.framework */,
				292C8738301A090A6448389B /* Pods_iOS_trader.framework */,
			);
			name = Frameworks;
			sourceTree = "<group>";
		};
		C31D0F542975396D00BF79C9 /* view */ = {
			isa = PBXGroup;
			children = (
				C31D0F55297539AD00BF79C9 /* singupLiveEmail.swift */,
				C3B5C07329757EAA0087E3A4 /* singupLiveName.swift */,
				C3B5C07529757EBB0087E3A4 /* singupLivePassword.swift */,
				C3B5C07729757EC90087E3A4 /* singupLiveDOB.swift */,
				C3B5C07929757EDA0087E3A4 /* singupLiveCounty.swift */,
				07948F08297C738B00DD21DF /* singupLiveSuccess.swift */,
			);
			path = view;
			sourceTree = "<group>";
		};
		C3B93AFF296D8F5C00FED50F /* Helper */ = {
			isa = PBXGroup;
			children = (
				C3B93B00296D8F6D00FED50F /* TextFieldExtension.swift */,
			);
			path = Helper;
			sourceTree = "<group>";
		};
		C3EFDBB3296D7B8A00D382A3 /* AppTextField */ = {
			isa = PBXGroup;
			children = (
				C3EFDBB4296D7BA000D382A3 /* AppTextField.xib */,
				C3EFDBB6296D7BFD00D382A3 /* AppTextField.swift */,
			);
			path = AppTextField;
			sourceTree = "<group>";
		};
/* End PBXGroup section */

/* Begin PBXNativeTarget section */
		07949FE9296C71570071F149 /* iOS-trader */ = {
			isa = PBXNativeTarget;
			buildConfigurationList = 07949FFE296C71580071F149 /* Build configuration list for PBXNativeTarget "iOS-trader" */;
			buildPhases = (
				FE3577327E208CDACA2DAC66 /* [CP] Check Pods Manifest.lock */,
				07949FE6296C71570071F149 /* Sources */,
				07949FE7296C71570071F149 /* Frameworks */,
				07949FE8296C71570071F149 /* Resources */,
				7F682D6EFB71FC410EE7E28C /* [CP] Embed Pods Frameworks */,
			);
			buildRules = (
			);
			dependencies = (
			);
			name = "iOS-trader";
			productName = "iOS-trader";
			productReference = 07949FEA296C71570071F149 /* iOS-trader.app */;
			productType = "com.apple.product-type.application";
		};
/* End PBXNativeTarget section */

/* Begin PBXProject section */
		07949FE2296C71570071F149 /* Project object */ = {
			isa = PBXProject;
			attributes = {
				BuildIndependentTargetsInParallel = 1;
				LastSwiftUpdateCheck = 1410;
				LastUpgradeCheck = 1410;
				TargetAttributes = {
					07949FE9296C71570071F149 = {
						CreatedOnToolsVersion = 14.1;
					};
				};
			};
			buildConfigurationList = 07949FE5296C71570071F149 /* Build configuration list for PBXProject "iOS-trader" */;
			compatibilityVersion = "Xcode 13.0";
			developmentRegion = en;
			hasScannedForEncodings = 0;
			knownRegions = (
				en,
				Base,
			);
			mainGroup = 07949FE1296C71570071F149;
			productRefGroup = 07949FEB296C71570071F149 /* Products */;
			projectDirPath = "";
			projectRoot = "";
			targets = (
				07949FE9296C71570071F149 /* iOS-trader */,
			);
		};
/* End PBXProject section */

/* Begin PBXResourcesBuildPhase section */
		07949FE8296C71570071F149 /* Resources */ = {
			isa = PBXResourcesBuildPhase;
			buildActionMask = 2147483647;
			files = (
				07949FFA296C71580071F149 /* LaunchScreen.storyboard in Resources */,
				07BDB6CA297EF4ED00B76996 /* SearchStory.storyboard in Resources */,
				0718152B2973333D00F906F8 /* Signup-Story.storyboard in Resources */,
				07949FF7296C71580071F149 /* Assets.xcassets in Resources */,
				07949FF5296C71570071F149 /* Main.storyboard in Resources */,
				0794A011296C7B570071F149 /* LogoViewController.xib in Resources */,
				0745274329731C440059DF1E /* AppLogo.xib in Resources */,
				C3EFDBB5296D7BA000D382A3 /* AppTextField.xib in Resources */,
			);
			runOnlyForDeploymentPostprocessing = 0;
		};
/* End PBXResourcesBuildPhase section */

/* Begin PBXShellScriptBuildPhase section */
		7F682D6EFB71FC410EE7E28C /* [CP] Embed Pods Frameworks */ = {
			isa = PBXShellScriptBuildPhase;
			buildActionMask = 2147483647;
			files = (
			);
			inputFileListPaths = (
				"${PODS_ROOT}/Target Support Files/Pods-iOS-trader/Pods-iOS-trader-frameworks-${CONFIGURATION}-input-files.xcfilelist",
			);
			name = "[CP] Embed Pods Frameworks";
			outputFileListPaths = (
				"${PODS_ROOT}/Target Support Files/Pods-iOS-trader/Pods-iOS-trader-frameworks-${CONFIGURATION}-output-files.xcfilelist",
			);
			runOnlyForDeploymentPostprocessing = 0;
			shellPath = /bin/sh;
			shellScript = "\"${PODS_ROOT}/Target Support Files/Pods-iOS-trader/Pods-iOS-trader-frameworks.sh\"\n";
			showEnvVarsInLog = 0;
		};
		FE3577327E208CDACA2DAC66 /* [CP] Check Pods Manifest.lock */ = {
			isa = PBXShellScriptBuildPhase;
			buildActionMask = 2147483647;
			files = (
			);
			inputFileListPaths = (
			);
			inputPaths = (
				"${PODS_PODFILE_DIR_PATH}/Podfile.lock",
				"${PODS_ROOT}/Manifest.lock",
			);
			name = "[CP] Check Pods Manifest.lock";
			outputFileListPaths = (
			);
			outputPaths = (
				"$(DERIVED_FILE_DIR)/Pods-iOS-trader-checkManifestLockResult.txt",
			);
			runOnlyForDeploymentPostprocessing = 0;
			shellPath = /bin/sh;
			shellScript = "diff \"${PODS_PODFILE_DIR_PATH}/Podfile.lock\" \"${PODS_ROOT}/Manifest.lock\" > /dev/null\nif [ $? != 0 ] ; then\n    # print error to STDERR\n    echo \"error: The sandbox is not in sync with the Podfile.lock. Run 'pod install' or update your CocoaPods installation.\" >&2\n    exit 1\nfi\n# This output is used by Xcode 'outputs' to avoid re-running this script phase.\necho \"SUCCESS\" > \"${SCRIPT_OUTPUT_FILE_0}\"\n";
			showEnvVarsInLog = 0;
		};
/* End PBXShellScriptBuildPhase section */

/* Begin PBXSourcesBuildPhase section */
		07949FE6296C71570071F149 /* Sources */ = {
			isa = PBXSourcesBuildPhase;
			buildActionMask = 2147483647;
			files = (
				07948F07297C651E00DD21DF /* GradientView.swift in Sources */,
				07949FF2296C71570071F149 /* MainController.swift in Sources */,
				C3B5C07629757EBB0087E3A4 /* singupLivePassword.swift in Sources */,
				07949FEE296C71570071F149 /* AppDelegate.swift in Sources */,
				078EA40C297D69B600714C20 /* Network.swift in Sources */,
				0745274529731D040059DF1E /* AppLogo.swift in Sources */,
				0718152D2973335F00F906F8 /* SingupScreen.swift in Sources */,
				07A6C03A29830341003BC1D7 /* search_viewmodel.swift in Sources */,
				C31D0F5029752EBF00BF79C9 /* SingupLiveHelper.swift in Sources */,
				C3B5C07829757ECA0087E3A4 /* singupLiveDOB.swift in Sources */,
				07948F09297C738B00DD21DF /* singupLiveSuccess.swift in Sources */,
				07BDB6CC297EF85300B76996 /* SearchView.swift in Sources */,
				0759D15B2983B426002FAE99 /* SearchItemCell.swift in Sources */,
				C3B5C07429757EAA0087E3A4 /* singupLiveName.swift in Sources */,
				07949FF0296C71570071F149 /* SceneDelegate.swift in Sources */,
				078EA40F297D6FB200714C20 /* Users.swift in Sources */,
				C3B5C07A29757EDA0087E3A4 /* singupLiveCounty.swift in Sources */,
				C3B93B01296D8F6D00FED50F /* TextFieldExtension.swift in Sources */,
				C31D0F56297539AD00BF79C9 /* singupLiveEmail.swift in Sources */,
				07356DEA2973CE3B00F86B0F /* Demo.swift in Sources */,
				0794A010296C7B570071F149 /* LogoViewController.swift in Sources */,
				C3EFDBB7296D7BFD00D382A3 /* AppTextField.swift in Sources */,
				07948F04297C5DEE00DD21DF /* Constants.swift in Sources */,
				07A6C0372982FEF3003BC1D7 /* SeachListItemModel.swift in Sources */,
			);
			runOnlyForDeploymentPostprocessing = 0;
		};
/* End PBXSourcesBuildPhase section */

/* Begin PBXVariantGroup section */
		07949FF3296C71570071F149 /* Main.storyboard */ = {
			isa = PBXVariantGroup;
			children = (
				07949FF4296C71570071F149 /* Base */,
			);
			name = Main.storyboard;
			sourceTree = "<group>";
		};
		07949FF8296C71580071F149 /* LaunchScreen.storyboard */ = {
			isa = PBXVariantGroup;
			children = (
				07949FF9296C71580071F149 /* Base */,
			);
			name = LaunchScreen.storyboard;
			sourceTree = "<group>";
		};
/* End PBXVariantGroup section */

/* Begin XCBuildConfiguration section */
		07949FFC296C71580071F149 /* Debug */ = {
			isa = XCBuildConfiguration;
			buildSettings = {
				ALWAYS_SEARCH_USER_PATHS = NO;
				CLANG_ANALYZER_NONNULL = YES;
				CLANG_ANALYZER_NUMBER_OBJECT_CONVERSION = YES_AGGRESSIVE;
				CLANG_CXX_LANGUAGE_STANDARD = "gnu++20";
				CLANG_ENABLE_MODULES = YES;
				CLANG_ENABLE_OBJC_ARC = YES;
				CLANG_ENABLE_OBJC_WEAK = YES;
				CLANG_WARN_BLOCK_CAPTURE_AUTORELEASING = YES;
				CLANG_WARN_BOOL_CONVERSION = YES;
				CLANG_WARN_COMMA = YES;
				CLANG_WARN_CONSTANT_CONVERSION = YES;
				CLANG_WARN_DEPRECATED_OBJC_IMPLEMENTATIONS = YES;
				CLANG_WARN_DIRECT_OBJC_ISA_USAGE = YES_ERROR;
				CLANG_WARN_DOCUMENTATION_COMMENTS = YES;
				CLANG_WARN_EMPTY_BODY = YES;
				CLANG_WARN_ENUM_CONVERSION = YES;
				CLANG_WARN_INFINITE_RECURSION = YES;
				CLANG_WARN_INT_CONVERSION = YES;
				CLANG_WARN_NON_LITERAL_NULL_CONVERSION = YES;
				CLANG_WARN_OBJC_IMPLICIT_RETAIN_SELF = YES;
				CLANG_WARN_OBJC_LITERAL_CONVERSION = YES;
				CLANG_WARN_OBJC_ROOT_CLASS = YES_ERROR;
				CLANG_WARN_QUOTED_INCLUDE_IN_FRAMEWORK_HEADER = YES;
				CLANG_WARN_RANGE_LOOP_ANALYSIS = YES;
				CLANG_WARN_STRICT_PROTOTYPES = YES;
				CLANG_WARN_SUSPICIOUS_MOVE = YES;
				CLANG_WARN_UNGUARDED_AVAILABILITY = YES_AGGRESSIVE;
				CLANG_WARN_UNREACHABLE_CODE = YES;
				CLANG_WARN__DUPLICATE_METHOD_MATCH = YES;
				COPY_PHASE_STRIP = NO;
				DEBUG_INFORMATION_FORMAT = dwarf;
				ENABLE_STRICT_OBJC_MSGSEND = YES;
				ENABLE_TESTABILITY = YES;
				GCC_C_LANGUAGE_STANDARD = gnu11;
				GCC_DYNAMIC_NO_PIC = NO;
				GCC_NO_COMMON_BLOCKS = YES;
				GCC_OPTIMIZATION_LEVEL = 0;
				GCC_PREPROCESSOR_DEFINITIONS = (
					"DEBUG=1",
					"$(inherited)",
				);
				GCC_WARN_64_TO_32_BIT_CONVERSION = YES;
				GCC_WARN_ABOUT_RETURN_TYPE = YES_ERROR;
				GCC_WARN_UNDECLARED_SELECTOR = YES;
				GCC_WARN_UNINITIALIZED_AUTOS = YES_AGGRESSIVE;
				GCC_WARN_UNUSED_FUNCTION = YES;
				GCC_WARN_UNUSED_VARIABLE = YES;
				IPHONEOS_DEPLOYMENT_TARGET = 16.1;
				MTL_ENABLE_DEBUG_INFO = INCLUDE_SOURCE;
				MTL_FAST_MATH = YES;
				ONLY_ACTIVE_ARCH = YES;
				SDKROOT = iphoneos;
				SWIFT_ACTIVE_COMPILATION_CONDITIONS = DEBUG;
				SWIFT_OPTIMIZATION_LEVEL = "-Onone";
			};
			name = Debug;
		};
		07949FFD296C71580071F149 /* Release */ = {
			isa = XCBuildConfiguration;
			buildSettings = {
				ALWAYS_SEARCH_USER_PATHS = NO;
				CLANG_ANALYZER_NONNULL = YES;
				CLANG_ANALYZER_NUMBER_OBJECT_CONVERSION = YES_AGGRESSIVE;
				CLANG_CXX_LANGUAGE_STANDARD = "gnu++20";
				CLANG_ENABLE_MODULES = YES;
				CLANG_ENABLE_OBJC_ARC = YES;
				CLANG_ENABLE_OBJC_WEAK = YES;
				CLANG_WARN_BLOCK_CAPTURE_AUTORELEASING = YES;
				CLANG_WARN_BOOL_CONVERSION = YES;
				CLANG_WARN_COMMA = YES;
				CLANG_WARN_CONSTANT_CONVERSION = YES;
				CLANG_WARN_DEPRECATED_OBJC_IMPLEMENTATIONS = YES;
				CLANG_WARN_DIRECT_OBJC_ISA_USAGE = YES_ERROR;
				CLANG_WARN_DOCUMENTATION_COMMENTS = YES;
				CLANG_WARN_EMPTY_BODY = YES;
				CLANG_WARN_ENUM_CONVERSION = YES;
				CLANG_WARN_INFINITE_RECURSION = YES;
				CLANG_WARN_INT_CONVERSION = YES;
				CLANG_WARN_NON_LITERAL_NULL_CONVERSION = YES;
				CLANG_WARN_OBJC_IMPLICIT_RETAIN_SELF = YES;
				CLANG_WARN_OBJC_LITERAL_CONVERSION = YES;
				CLANG_WARN_OBJC_ROOT_CLASS = YES_ERROR;
				CLANG_WARN_QUOTED_INCLUDE_IN_FRAMEWORK_HEADER = YES;
				CLANG_WARN_RANGE_LOOP_ANALYSIS = YES;
				CLANG_WARN_STRICT_PROTOTYPES = YES;
				CLANG_WARN_SUSPICIOUS_MOVE = YES;
				CLANG_WARN_UNGUARDED_AVAILABILITY = YES_AGGRESSIVE;
				CLANG_WARN_UNREACHABLE_CODE = YES;
				CLANG_WARN__DUPLICATE_METHOD_MATCH = YES;
				COPY_PHASE_STRIP = NO;
				DEBUG_INFORMATION_FORMAT = "dwarf-with-dsym";
				ENABLE_NS_ASSERTIONS = NO;
				ENABLE_STRICT_OBJC_MSGSEND = YES;
				GCC_C_LANGUAGE_STANDARD = gnu11;
				GCC_NO_COMMON_BLOCKS = YES;
				GCC_WARN_64_TO_32_BIT_CONVERSION = YES;
				GCC_WARN_ABOUT_RETURN_TYPE = YES_ERROR;
				GCC_WARN_UNDECLARED_SELECTOR = YES;
				GCC_WARN_UNINITIALIZED_AUTOS = YES_AGGRESSIVE;
				GCC_WARN_UNUSED_FUNCTION = YES;
				GCC_WARN_UNUSED_VARIABLE = YES;
				IPHONEOS_DEPLOYMENT_TARGET = 16.1;
				MTL_ENABLE_DEBUG_INFO = NO;
				MTL_FAST_MATH = YES;
				SDKROOT = iphoneos;
				SWIFT_COMPILATION_MODE = wholemodule;
				SWIFT_OPTIMIZATION_LEVEL = "-O";
				VALIDATE_PRODUCT = YES;
			};
			name = Release;
		};
		07949FFF296C71580071F149 /* Debug */ = {
			isa = XCBuildConfiguration;
			baseConfigurationReference = 60756EB4F379052E966FBD87 /* Pods-iOS-trader.debug.xcconfig */;
			buildSettings = {
				ASSETCATALOG_COMPILER_APPICON_NAME = AppIcon;
				ASSETCATALOG_COMPILER_GLOBAL_ACCENT_COLOR_NAME = AccentColor;
				CODE_SIGN_STYLE = Automatic;
				CURRENT_PROJECT_VERSION = 1;
				DEVELOPMENT_TEAM = JPL95P9M3W;
				GENERATE_INFOPLIST_FILE = YES;
				INFOPLIST_FILE = "iOS-trader/Info.plist";
				INFOPLIST_KEY_UIApplicationSupportsIndirectInputEvents = YES;
				INFOPLIST_KEY_UILaunchStoryboardName = LaunchScreen;
				INFOPLIST_KEY_UIMainStoryboardFile = Main;
				INFOPLIST_KEY_UISupportedInterfaceOrientations_iPad = "UIInterfaceOrientationPortrait UIInterfaceOrientationPortraitUpsideDown UIInterfaceOrientationLandscapeLeft UIInterfaceOrientationLandscapeRight";
				INFOPLIST_KEY_UISupportedInterfaceOrientations_iPhone = "UIInterfaceOrientationPortrait UIInterfaceOrientationLandscapeLeft UIInterfaceOrientationLandscapeRight";
				IPHONEOS_DEPLOYMENT_TARGET = 15.0;
				LD_RUNPATH_SEARCH_PATHS = (
					"$(inherited)",
					"@executable_path/Frameworks",
				);
				MARKETING_VERSION = 1.0;
				PRODUCT_BUNDLE_IDENTIFIER = "test-project.iOS-trader";
				PRODUCT_NAME = "$(TARGET_NAME)";
				SWIFT_EMIT_LOC_STRINGS = YES;
				SWIFT_VERSION = 5.0;
				TARGETED_DEVICE_FAMILY = "1,2";
			};
			name = Debug;
		};
		0794A000296C71580071F149 /* Release */ = {
			isa = XCBuildConfiguration;
			baseConfigurationReference = C58AC734B6C53FCBC387402A /* Pods-iOS-trader.release.xcconfig */;
			buildSettings = {
				ASSETCATALOG_COMPILER_APPICON_NAME = AppIcon;
				ASSETCATALOG_COMPILER_GLOBAL_ACCENT_COLOR_NAME = AccentColor;
				CODE_SIGN_STYLE = Automatic;
				CURRENT_PROJECT_VERSION = 1;
				DEVELOPMENT_TEAM = JPL95P9M3W;
				GENERATE_INFOPLIST_FILE = YES;
				INFOPLIST_FILE = "iOS-trader/Info.plist";
				INFOPLIST_KEY_UIApplicationSupportsIndirectInputEvents = YES;
				INFOPLIST_KEY_UILaunchStoryboardName = LaunchScreen;
				INFOPLIST_KEY_UIMainStoryboardFile = Main;
				INFOPLIST_KEY_UISupportedInterfaceOrientations_iPad = "UIInterfaceOrientationPortrait UIInterfaceOrientationPortraitUpsideDown UIInterfaceOrientationLandscapeLeft UIInterfaceOrientationLandscapeRight";
				INFOPLIST_KEY_UISupportedInterfaceOrientations_iPhone = "UIInterfaceOrientationPortrait UIInterfaceOrientationLandscapeLeft UIInterfaceOrientationLandscapeRight";
				IPHONEOS_DEPLOYMENT_TARGET = 15.0;
				LD_RUNPATH_SEARCH_PATHS = (
					"$(inherited)",
					"@executable_path/Frameworks",
				);
				MARKETING_VERSION = 1.0;
				PRODUCT_BUNDLE_IDENTIFIER = "test-project.iOS-trader";
				PRODUCT_NAME = "$(TARGET_NAME)";
				SWIFT_EMIT_LOC_STRINGS = YES;
				SWIFT_VERSION = 5.0;
				TARGETED_DEVICE_FAMILY = "1,2";
			};
			name = Release;
		};
/* End XCBuildConfiguration section */

/* Begin XCConfigurationList section */
		07949FE5296C71570071F149 /* Build configuration list for PBXProject "iOS-trader" */ = {
			isa = XCConfigurationList;
			buildConfigurations = (
				07949FFC296C71580071F149 /* Debug */,
				07949FFD296C71580071F149 /* Release */,
			);
			defaultConfigurationIsVisible = 0;
			defaultConfigurationName = Release;
		};
		07949FFE296C71580071F149 /* Build configuration list for PBXNativeTarget "iOS-trader" */ = {
			isa = XCConfigurationList;
			buildConfigurations = (
				07949FFF296C71580071F149 /* Debug */,
				0794A000296C71580071F149 /* Release */,
			);
			defaultConfigurationIsVisible = 0;
			defaultConfigurationName = Release;
		};
/* End XCConfigurationList section */
	};
	rootObject = 07949FE2296C71570071F149 /* Project object */;
}
