// !$*UTF8*$!
{
	archiveVersion = 1;
	classes = {
	};
	objectVersion = 56;
	objects = {

/* Begin PBXBuildFile section */
		0702D51B298FF5F3006EC267 /* APICaller.swift in Sources */ = {isa = PBXBuildFile; fileRef = 0702D51A298FF5F3006EC267 /* APICaller.swift */; };
		0702D51E298FFB05006EC267 /* APIResponseModel.swift in Sources */ = {isa = PBXBuildFile; fileRef = 0702D51D298FFB05006EC267 /* APIResponseModel.swift */; };
		0744F055298BFBA400EEE3CA /* CollectionTableViewCell.swift in Sources */ = {isa = PBXBuildFile; fileRef = 0744F054298BFBA400EEE3CA /* CollectionTableViewCell.swift */; };
		0744F057298C04BA00EEE3CA /* HomeHeaderView.swift in Sources */ = {isa = PBXBuildFile; fileRef = 0744F056298C04BA00EEE3CA /* HomeHeaderView.swift */; };
		C391BE39298BDDE500CD800F /* AppDelegate.swift in Sources */ = {isa = PBXBuildFile; fileRef = C391BE38298BDDE500CD800F /* AppDelegate.swift */; };
		C391BE3B298BDDE500CD800F /* SceneDelegate.swift in Sources */ = {isa = PBXBuildFile; fileRef = C391BE3A298BDDE500CD800F /* SceneDelegate.swift */; };
		C391BE3D298BDDE500CD800F /* ViewController.swift in Sources */ = {isa = PBXBuildFile; fileRef = C391BE3C298BDDE500CD800F /* ViewController.swift */; };
		C391BE40298BDDE500CD800F /* Main.storyboard in Resources */ = {isa = PBXBuildFile; fileRef = C391BE3E298BDDE500CD800F /* Main.storyboard */; };
		C391BE42298BDDE600CD800F /* Assets.xcassets in Resources */ = {isa = PBXBuildFile; fileRef = C391BE41298BDDE600CD800F /* Assets.xcassets */; };
		C391BE45298BDDE600CD800F /* LaunchScreen.storyboard in Resources */ = {isa = PBXBuildFile; fileRef = C391BE43298BDDE600CD800F /* LaunchScreen.storyboard */; };
		C391BE4E298BE4CC00CD800F /* HomeViewController.swift in Sources */ = {isa = PBXBuildFile; fileRef = C391BE4D298BE4CC00CD800F /* HomeViewController.swift */; };
		C391BE50298BE4EE00CD800F /* UpcomingViewController.swift in Sources */ = {isa = PBXBuildFile; fileRef = C391BE4F298BE4EE00CD800F /* UpcomingViewController.swift */; };
		C391BE52298BE4FE00CD800F /* SearchViewController.swift in Sources */ = {isa = PBXBuildFile; fileRef = C391BE51298BE4FE00CD800F /* SearchViewController.swift */; };
		C391BE54298BE51100CD800F /* DownloadViewController.swift in Sources */ = {isa = PBXBuildFile; fileRef = C391BE53298BE51100CD800F /* DownloadViewController.swift */; };
/* End PBXBuildFile section */

/* Begin PBXFileReference section */
		0702D51A298FF5F3006EC267 /* APICaller.swift */ = {isa = PBXFileReference; lastKnownFileType = sourcecode.swift; path = APICaller.swift; sourceTree = "<group>"; };
		0702D51D298FFB05006EC267 /* APIResponseModel.swift */ = {isa = PBXFileReference; lastKnownFileType = sourcecode.swift; path = APIResponseModel.swift; sourceTree = "<group>"; };
		0744F054298BFBA400EEE3CA /* CollectionTableViewCell.swift */ = {isa = PBXFileReference; lastKnownFileType = sourcecode.swift; path = CollectionTableViewCell.swift; sourceTree = "<group>"; };
		0744F056298C04BA00EEE3CA /* HomeHeaderView.swift */ = {isa = PBXFileReference; lastKnownFileType = sourcecode.swift; path = HomeHeaderView.swift; sourceTree = "<group>"; };
		C391BE35298BDDE500CD800F /* Netflix Clone.app */ = {isa = PBXFileReference; explicitFileType = wrapper.application; includeInIndex = 0; path = "Netflix Clone.app"; sourceTree = BUILT_PRODUCTS_DIR; };
		C391BE38298BDDE500CD800F /* AppDelegate.swift */ = {isa = PBXFileReference; lastKnownFileType = sourcecode.swift; path = AppDelegate.swift; sourceTree = "<group>"; };
		C391BE3A298BDDE500CD800F /* SceneDelegate.swift */ = {isa = PBXFileReference; lastKnownFileType = sourcecode.swift; path = SceneDelegate.swift; sourceTree = "<group>"; };
		C391BE3C298BDDE500CD800F /* ViewController.swift */ = {isa = PBXFileReference; lastKnownFileType = sourcecode.swift; path = ViewController.swift; sourceTree = "<group>"; };
		C391BE3F298BDDE500CD800F /* Base */ = {isa = PBXFileReference; lastKnownFileType = file.storyboard; name = Base; path = Base.lproj/Main.storyboard; sourceTree = "<group>"; };
		C391BE41298BDDE600CD800F /* Assets.xcassets */ = {isa = PBXFileReference; lastKnownFileType = folder.assetcatalog; path = Assets.xcassets; sourceTree = "<group>"; };
		C391BE44298BDDE600CD800F /* Base */ = {isa = PBXFileReference; lastKnownFileType = file.storyboard; name = Base; path = Base.lproj/LaunchScreen.storyboard; sourceTree = "<group>"; };
		C391BE46298BDDE600CD800F /* Info.plist */ = {isa = PBXFileReference; lastKnownFileType = text.plist.xml; path = Info.plist; sourceTree = "<group>"; };
		C391BE4D298BE4CC00CD800F /* HomeViewController.swift */ = {isa = PBXFileReference; lastKnownFileType = sourcecode.swift; path = HomeViewController.swift; sourceTree = "<group>"; };
		C391BE4F298BE4EE00CD800F /* UpcomingViewController.swift */ = {isa = PBXFileReference; lastKnownFileType = sourcecode.swift; path = UpcomingViewController.swift; sourceTree = "<group>"; };
		C391BE51298BE4FE00CD800F /* SearchViewController.swift */ = {isa = PBXFileReference; lastKnownFileType = sourcecode.swift; path = SearchViewController.swift; sourceTree = "<group>"; };
		C391BE53298BE51100CD800F /* DownloadViewController.swift */ = {isa = PBXFileReference; lastKnownFileType = sourcecode.swift; path = DownloadViewController.swift; sourceTree = "<group>"; };
/* End PBXFileReference section */

/* Begin PBXFrameworksBuildPhase section */
		C391BE32298BDDE500CD800F /* Frameworks */ = {
			isa = PBXFrameworksBuildPhase;
			buildActionMask = 2147483647;
			files = (
			);
			runOnlyForDeploymentPostprocessing = 0;
		};
/* End PBXFrameworksBuildPhase section */

/* Begin PBXGroup section */
		0702D519298FF5CC006EC267 /* Service */ = {
			isa = PBXGroup;
			children = (
				0702D51A298FF5F3006EC267 /* APICaller.swift */,
			);
			path = Service;
			sourceTree = "<group>";
		};
		0702D51C298FFADA006EC267 /* dto */ = {
			isa = PBXGroup;
			children = (
				0702D51D298FFB05006EC267 /* APIResponseModel.swift */,
			);
			path = dto;
			sourceTree = "<group>";
		};
		0744F053298BFB8400EEE3CA /* Components */ = {
			isa = PBXGroup;
			children = (
				0744F054298BFBA400EEE3CA /* CollectionTableViewCell.swift */,
				0744F056298C04BA00EEE3CA /* HomeHeaderView.swift */,
			);
			path = Components;
			sourceTree = "<group>";
		};
		C391BE2C298BDDE500CD800F = {
			isa = PBXGroup;
			children = (
				C391BE37298BDDE500CD800F /* Netflix Clone */,
				C391BE36298BDDE500CD800F /* Products */,
			);
			sourceTree = "<group>";
		};
		C391BE36298BDDE500CD800F /* Products */ = {
			isa = PBXGroup;
			children = (
				C391BE35298BDDE500CD800F /* Netflix Clone.app */,
			);
			name = Products;
			sourceTree = "<group>";
		};
		C391BE37298BDDE500CD800F /* Netflix Clone */ = {
			isa = PBXGroup;
			children = (
				0702D51C298FFADA006EC267 /* dto */,
				0702D519298FF5CC006EC267 /* Service */,
				0744F053298BFB8400EEE3CA /* Components */,
				C391BE4C298BE49E00CD800F /* Controllers */,
				C391BE38298BDDE500CD800F /* AppDelegate.swift */,
				C391BE3A298BDDE500CD800F /* SceneDelegate.swift */,
				C391BE3C298BDDE500CD800F /* ViewController.swift */,
				C391BE3E298BDDE500CD800F /* Main.storyboard */,
				C391BE41298BDDE600CD800F /* Assets.xcassets */,
				C391BE43298BDDE600CD800F /* LaunchScreen.storyboard */,
				C391BE46298BDDE600CD800F /* Info.plist */,
			);
			path = "Netflix Clone";
			sourceTree = "<group>";
		};
		C391BE4C298BE49E00CD800F /* Controllers */ = {
			isa = PBXGroup;
			children = (
				C391BE4D298BE4CC00CD800F /* HomeViewController.swift */,
				C391BE4F298BE4EE00CD800F /* UpcomingViewController.swift */,
				C391BE51298BE4FE00CD800F /* SearchViewController.swift */,
				C391BE53298BE51100CD800F /* DownloadViewController.swift */,
			);
			path = Controllers;
			sourceTree = "<group>";
		};
/* End PBXGroup section */

/* Begin PBXNativeTarget section */
		C391BE34298BDDE500CD800F /* Netflix Clone */ = {
			isa = PBXNativeTarget;
			buildConfigurationList = C391BE49298BDDE600CD800F /* Build configuration list for PBXNativeTarget "Netflix Clone" */;
			buildPhases = (
				C391BE31298BDDE500CD800F /* Sources */,
				C391BE32298BDDE500CD800F /* Frameworks */,
				C391BE33298BDDE500CD800F /* Resources */,
			);
			buildRules = (
			);
			dependencies = (
			);
			name = "Netflix Clone";
			productName = "Netflix Clone";
			productReference = C391BE35298BDDE500CD800F /* Netflix Clone.app */;
			productType = "com.apple.product-type.application";
		};
/* End PBXNativeTarget section */

/* Begin PBXProject section */
		C391BE2D298BDDE500CD800F /* Project object */ = {
			isa = PBXProject;
			attributes = {
				BuildIndependentTargetsInParallel = 1;
				LastSwiftUpdateCheck = 1420;
				LastUpgradeCheck = 1420;
				TargetAttributes = {
					C391BE34298BDDE500CD800F = {
						CreatedOnToolsVersion = 14.2;
					};
				};
			};
			buildConfigurationList = C391BE30298BDDE500CD800F /* Build configuration list for PBXProject "Netflix Clone" */;
			compatibilityVersion = "Xcode 14.0";
			developmentRegion = en;
			hasScannedForEncodings = 0;
			knownRegions = (
				en,
				Base,
			);
			mainGroup = C391BE2C298BDDE500CD800F;
			productRefGroup = C391BE36298BDDE500CD800F /* Products */;
			projectDirPath = "";
			projectRoot = "";
			targets = (
				C391BE34298BDDE500CD800F /* Netflix Clone */,
			);
		};
/* End PBXProject section */

/* Begin PBXResourcesBuildPhase section */
		C391BE33298BDDE500CD800F /* Resources */ = {
			isa = PBXResourcesBuildPhase;
			buildActionMask = 2147483647;
			files = (
				C391BE45298BDDE600CD800F /* LaunchScreen.storyboard in Resources */,
				C391BE42298BDDE600CD800F /* Assets.xcassets in Resources */,
				C391BE40298BDDE500CD800F /* Main.storyboard in Resources */,
			);
			runOnlyForDeploymentPostprocessing = 0;
		};
/* End PBXResourcesBuildPhase section */

/* Begin PBXSourcesBuildPhase section */
		C391BE31298BDDE500CD800F /* Sources */ = {
			isa = PBXSourcesBuildPhase;
			buildActionMask = 2147483647;
			files = (
				C391BE52298BE4FE00CD800F /* SearchViewController.swift in Sources */,
				C391BE3D298BDDE500CD800F /* ViewController.swift in Sources */,
				C391BE39298BDDE500CD800F /* AppDelegate.swift in Sources */,
				0702D51B298FF5F3006EC267 /* APICaller.swift in Sources */,
				0744F057298C04BA00EEE3CA /* HomeHeaderView.swift in Sources */,
				C391BE54298BE51100CD800F /* DownloadViewController.swift in Sources */,
				C391BE3B298BDDE500CD800F /* SceneDelegate.swift in Sources */,
				0702D51E298FFB05006EC267 /* APIResponseModel.swift in Sources */,
				C391BE50298BE4EE00CD800F /* UpcomingViewController.swift in Sources */,
				C391BE4E298BE4CC00CD800F /* HomeViewController.swift in Sources */,
				0744F055298BFBA400EEE3CA /* CollectionTableViewCell.swift in Sources */,
			);
			runOnlyForDeploymentPostprocessing = 0;
		};
/* End PBXSourcesBuildPhase section */

/* Begin PBXVariantGroup section */
		C391BE3E298BDDE500CD800F /* Main.storyboard */ = {
			isa = PBXVariantGroup;
			children = (
				C391BE3F298BDDE500CD800F /* Base */,
			);
			name = Main.storyboard;
			sourceTree = "<group>";
		};
		C391BE43298BDDE600CD800F /* LaunchScreen.storyboard */ = {
			isa = PBXVariantGroup;
			children = (
				C391BE44298BDDE600CD800F /* Base */,
			);
			name = LaunchScreen.storyboard;
			sourceTree = "<group>";
		};
/* End PBXVariantGroup section */

/* Begin XCBuildConfiguration section */
		C391BE47298BDDE600CD800F /* Debug */ = {
			isa = XCBuildConfiguration;
			buildSettings = {
				ALWAYS_SEARCH_USER_PATHS = NO;
				CLANG_ANALYZER_NONNULL = YES;
				CLANG_ANALYZER_NUMBER_OBJECT_CONVERSION = YES_AGGRESSIVE;
				CLANG_CXX_LANGUAGE_STANDARD = "gnu++20";
				CLANG_ENABLE_MODULES = YES;
				CLANG_ENABLE_OBJC_ARC = YES;
				CLANG_ENABLE_OBJC_WEAK = YES;
				CLANG_WARN_BLOCK_CAPTURE_AUTORELEASING = YES;
				CLANG_WARN_BOOL_CONVERSION = YES;
				CLANG_WARN_COMMA = YES;
				CLANG_WARN_CONSTANT_CONVERSION = YES;
				CLANG_WARN_DEPRECATED_OBJC_IMPLEMENTATIONS = YES;
				CLANG_WARN_DIRECT_OBJC_ISA_USAGE = YES_ERROR;
				CLANG_WARN_DOCUMENTATION_COMMENTS = YES;
				CLANG_WARN_EMPTY_BODY = YES;
				CLANG_WARN_ENUM_CONVERSION = YES;
				CLANG_WARN_INFINITE_RECURSION = YES;
				CLANG_WARN_INT_CONVERSION = YES;
				CLANG_WARN_NON_LITERAL_NULL_CONVERSION = YES;
				CLANG_WARN_OBJC_IMPLICIT_RETAIN_SELF = YES;
				CLANG_WARN_OBJC_LITERAL_CONVERSION = YES;
				CLANG_WARN_OBJC_ROOT_CLASS = YES_ERROR;
				CLANG_WARN_QUOTED_INCLUDE_IN_FRAMEWORK_HEADER = YES;
				CLANG_WARN_RANGE_LOOP_ANALYSIS = YES;
				CLANG_WARN_STRICT_PROTOTYPES = YES;
				CLANG_WARN_SUSPICIOUS_MOVE = YES;
				CLANG_WARN_UNGUARDED_AVAILABILITY = YES_AGGRESSIVE;
				CLANG_WARN_UNREACHABLE_CODE = YES;
				CLANG_WARN__DUPLICATE_METHOD_MATCH = YES;
				COPY_PHASE_STRIP = NO;
				DEBUG_INFORMATION_FORMAT = dwarf;
				ENABLE_STRICT_OBJC_MSGSEND = YES;
				ENABLE_TESTABILITY = YES;
				GCC_C_LANGUAGE_STANDARD = gnu11;
				GCC_DYNAMIC_NO_PIC = NO;
				GCC_NO_COMMON_BLOCKS = YES;
				GCC_OPTIMIZATION_LEVEL = 0;
				GCC_PREPROCESSOR_DEFINITIONS = (
					"DEBUG=1",
					"$(inherited)",
				);
				GCC_WARN_64_TO_32_BIT_CONVERSION = YES;
				GCC_WARN_ABOUT_RETURN_TYPE = YES_ERROR;
				GCC_WARN_UNDECLARED_SELECTOR = YES;
				GCC_WARN_UNINITIALIZED_AUTOS = YES_AGGRESSIVE;
				GCC_WARN_UNUSED_FUNCTION = YES;
				GCC_WARN_UNUSED_VARIABLE = YES;
				IPHONEOS_DEPLOYMENT_TARGET = 15.0;
				MTL_ENABLE_DEBUG_INFO = INCLUDE_SOURCE;
				MTL_FAST_MATH = YES;
				ONLY_ACTIVE_ARCH = YES;
				SDKROOT = iphoneos;
				SWIFT_ACTIVE_COMPILATION_CONDITIONS = DEBUG;
				SWIFT_OPTIMIZATION_LEVEL = "-Onone";
			};
			name = Debug;
		};
		C391BE48298BDDE600CD800F /* Release */ = {
			isa = XCBuildConfiguration;
			buildSettings = {
				ALWAYS_SEARCH_USER_PATHS = NO;
				CLANG_ANALYZER_NONNULL = YES;
				CLANG_ANALYZER_NUMBER_OBJECT_CONVERSION = YES_AGGRESSIVE;
				CLANG_CXX_LANGUAGE_STANDARD = "gnu++20";
				CLANG_ENABLE_MODULES = YES;
				CLANG_ENABLE_OBJC_ARC = YES;
				CLANG_ENABLE_OBJC_WEAK = YES;
				CLANG_WARN_BLOCK_CAPTURE_AUTORELEASING = YES;
				CLANG_WARN_BOOL_CONVERSION = YES;
				CLANG_WARN_COMMA = YES;
				CLANG_WARN_CONSTANT_CONVERSION = YES;
				CLANG_WARN_DEPRECATED_OBJC_IMPLEMENTATIONS = YES;
				CLANG_WARN_DIRECT_OBJC_ISA_USAGE = YES_ERROR;
				CLANG_WARN_DOCUMENTATION_COMMENTS = YES;
				CLANG_WARN_EMPTY_BODY = YES;
				CLANG_WARN_ENUM_CONVERSION = YES;
				CLANG_WARN_INFINITE_RECURSION = YES;
				CLANG_WARN_INT_CONVERSION = YES;
				CLANG_WARN_NON_LITERAL_NULL_CONVERSION = YES;
				CLANG_WARN_OBJC_IMPLICIT_RETAIN_SELF = YES;
				CLANG_WARN_OBJC_LITERAL_CONVERSION = YES;
				CLANG_WARN_OBJC_ROOT_CLASS = YES_ERROR;
				CLANG_WARN_QUOTED_INCLUDE_IN_FRAMEWORK_HEADER = YES;
				CLANG_WARN_RANGE_LOOP_ANALYSIS = YES;
				CLANG_WARN_STRICT_PROTOTYPES = YES;
				CLANG_WARN_SUSPICIOUS_MOVE = YES;
				CLANG_WARN_UNGUARDED_AVAILABILITY = YES_AGGRESSIVE;
				CLANG_WARN_UNREACHABLE_CODE = YES;
				CLANG_WARN__DUPLICATE_METHOD_MATCH = YES;
				COPY_PHASE_STRIP = NO;
				DEBUG_INFORMATION_FORMAT = "dwarf-with-dsym";
				ENABLE_NS_ASSERTIONS = NO;
				ENABLE_STRICT_OBJC_MSGSEND = YES;
				GCC_C_LANGUAGE_STANDARD = gnu11;
				GCC_NO_COMMON_BLOCKS = YES;
				GCC_WARN_64_TO_32_BIT_CONVERSION = YES;
				GCC_WARN_ABOUT_RETURN_TYPE = YES_ERROR;
				GCC_WARN_UNDECLARED_SELECTOR = YES;
				GCC_WARN_UNINITIALIZED_AUTOS = YES_AGGRESSIVE;
				GCC_WARN_UNUSED_FUNCTION = YES;
				GCC_WARN_UNUSED_VARIABLE = YES;
				IPHONEOS_DEPLOYMENT_TARGET = 15.0;
				MTL_ENABLE_DEBUG_INFO = NO;
				MTL_FAST_MATH = YES;
				SDKROOT = iphoneos;
				SWIFT_COMPILATION_MODE = wholemodule;
				SWIFT_OPTIMIZATION_LEVEL = "-O";
				VALIDATE_PRODUCT = YES;
			};
			name = Release;
		};
		C391BE4A298BDDE600CD800F /* Debug */ = {
			isa = XCBuildConfiguration;
			buildSettings = {
				ASSETCATALOG_COMPILER_APPICON_NAME = AppIcon;
				ASSETCATALOG_COMPILER_GLOBAL_ACCENT_COLOR_NAME = AccentColor;
				CODE_SIGN_STYLE = Automatic;
				CURRENT_PROJECT_VERSION = 1;
				GENERATE_INFOPLIST_FILE = YES;
				INFOPLIST_FILE = "Netflix Clone/Info.plist";
				INFOPLIST_KEY_UIApplicationSupportsIndirectInputEvents = YES;
				INFOPLIST_KEY_UILaunchStoryboardName = LaunchScreen;
				INFOPLIST_KEY_UISupportedInterfaceOrientations_iPad = "UIInterfaceOrientationPortrait UIInterfaceOrientationPortraitUpsideDown UIInterfaceOrientationLandscapeLeft UIInterfaceOrientationLandscapeRight";
				INFOPLIST_KEY_UISupportedInterfaceOrientations_iPhone = "UIInterfaceOrientationPortrait UIInterfaceOrientationLandscapeLeft UIInterfaceOrientationLandscapeRight";
				LD_RUNPATH_SEARCH_PATHS = (
					"$(inherited)",
					"@executable_path/Frameworks",
				);
				MARKETING_VERSION = 1.0;
				PRODUCT_BUNDLE_IDENTIFIER = "com.example.Netflix-Clone";
				PRODUCT_NAME = "$(TARGET_NAME)";
				SWIFT_EMIT_LOC_STRINGS = YES;
				SWIFT_VERSION = 5.0;
				TARGETED_DEVICE_FAMILY = "1,2";
			};
			name = Debug;
		};
		C391BE4B298BDDE600CD800F /* Release */ = {
			isa = XCBuildConfiguration;
			buildSettings = {
				ASSETCATALOG_COMPILER_APPICON_NAME = AppIcon;
				ASSETCATALOG_COMPILER_GLOBAL_ACCENT_COLOR_NAME = AccentColor;
				CODE_SIGN_STYLE = Automatic;
				CURRENT_PROJECT_VERSION = 1;
				GENERATE_INFOPLIST_FILE = YES;
				INFOPLIST_FILE = "Netflix Clone/Info.plist";
				INFOPLIST_KEY_UIApplicationSupportsIndirectInputEvents = YES;
				INFOPLIST_KEY_UILaunchStoryboardName = LaunchScreen;
				INFOPLIST_KEY_UISupportedInterfaceOrientations_iPad = "UIInterfaceOrientationPortrait UIInterfaceOrientationPortraitUpsideDown UIInterfaceOrientationLandscapeLeft UIInterfaceOrientationLandscapeRight";
				INFOPLIST_KEY_UISupportedInterfaceOrientations_iPhone = "UIInterfaceOrientationPortrait UIInterfaceOrientationLandscapeLeft UIInterfaceOrientationLandscapeRight";
				LD_RUNPATH_SEARCH_PATHS = (
					"$(inherited)",
					"@executable_path/Frameworks",
				);
				MARKETING_VERSION = 1.0;
				PRODUCT_BUNDLE_IDENTIFIER = "com.example.Netflix-Clone";
				PRODUCT_NAME = "$(TARGET_NAME)";
				SWIFT_EMIT_LOC_STRINGS = YES;
				SWIFT_VERSION = 5.0;
				TARGETED_DEVICE_FAMILY = "1,2";
			};
			name = Release;
		};
/* End XCBuildConfiguration section */

/* Begin XCConfigurationList section */
		C391BE30298BDDE500CD800F /* Build configuration list for PBXProject "Netflix Clone" */ = {
			isa = XCConfigurationList;
			buildConfigurations = (
				C391BE47298BDDE600CD800F /* Debug */,
				C391BE48298BDDE600CD800F /* Release */,
			);
			defaultConfigurationIsVisible = 0;
			defaultConfigurationName = Release;
		};
		C391BE49298BDDE600CD800F /* Build configuration list for PBXNativeTarget "Netflix Clone" */ = {
			isa = XCConfigurationList;
			buildConfigurations = (
				C391BE4A298BDDE600CD800F /* Debug */,
				C391BE4B298BDDE600CD800F /* Release */,
			);
			defaultConfigurationIsVisible = 0;
			defaultConfigurationName = Release;
		};
/* End XCConfigurationList section */
	};
	rootObject = C391BE2D298BDDE500CD800F /* Project object */;
}
